
Microsoft Visual Studio Solution File, Format Version 12.00
# Visual Studio Version 16
VisualStudioVersion = 16.0.31515.178
MinimumVisualStudioVersion = 15.0.26124.0
Project("{2150E333-8FDC-42A3-9474-1A3956D46DE8}") = "src", "src", "{77319A98-AFD5-4881-B872-A71051F53AD0}"
EndProject
Project("{2150E333-8FDC-42A3-9474-1A3956D46DE8}") = "Examination", "Examination", "{5A939915-9437-4E19-AB69-C69C846D661E}"
EndProject
Project("{2150E333-8FDC-42A3-9474-1A3956D46DE8}") = "tests", "tests", "{1C551DD6-46A1-4640-9A26-F26B019399CD}"
EndProject
Project("{2150E333-8FDC-42A3-9474-1A3956D46DE8}") = "Identity.API", "Identity.API", "{1750E176-8084-4E1A-9425-AC9DF5ACEAC0}"
EndProject
Project("{9A19103F-16F7-4668-BE54-9A1E7A4F7556}") = "Identity.API.IntegrationTests", "tests\Identity\Identity.API.IntegrationTests\Identity.API.IntegrationTests.csproj", "{43024DAF-4AD5-4666-8D5E-CDA75BD0FC9D}"
EndProject
Project("{2150E333-8FDC-42A3-9474-1A3956D46DE8}") = "Examination", "Examination", "{A687E90A-DC27-4EC3-A9A9-FB864E2DE4B2}"
EndProject
Project("{9A19103F-16F7-4668-BE54-9A1E7A4F7556}") = "Examination.Infrastructure.IntegrationTests", "tests\Examination\Examination.Infrastructure.IntegrationTests\Examination.Infrastructure.IntegrationTests.csproj", "{7F864D47-3BF7-4747-9BD2-EBADE25439B8}"
EndProject
Project("{9A19103F-16F7-4668-BE54-9A1E7A4F7556}") = "Examination.Domain.UnitTests", "tests\Examination\Examination.Domain.UnitTests\Examination.Domain.UnitTests.csproj", "{2DEE8BCB-690E-4A9E-8C38-F34DD51520D7}"
EndProject
Project("{9A19103F-16F7-4668-BE54-9A1E7A4F7556}") = "Examination.Application.UnitTests", "tests\Examination\Examination.Application.UnitTests\Examination.Application.UnitTests.csproj", "{DBB654EC-8B11-454E-AEEF-EEDC200D9CC9}"
EndProject
Project("{9A19103F-16F7-4668-BE54-9A1E7A4F7556}") = "Examination.API.IntegrationTests", "tests\Examination\Examination.API.IntegrationTests\Examination.API.IntegrationTests.csproj", "{15C246CA-F8F4-4BA7-A708-7EE5F71C7A4A}"
EndProject
Project("{2150E333-8FDC-42A3-9474-1A3956D46DE8}") = "BuildingBlocks", "BuildingBlocks", "{C86D4D66-AAB4-4B97-89A3-0E4070FF9AF7}"
EndProject
Project("{2150E333-8FDC-42A3-9474-1A3956D46DE8}") = "Identity", "Identity", "{C131BDC0-F029-11EB-8BE3-7B0C45061305}"
EndProject
Project("{2150E333-8FDC-42A3-9474-1A3956D46DE8}") = "Services", "Services", "{39965430-F190-11EB-9659-AF5563079022}"
EndProject
Project("{2150E333-8FDC-42A3-9474-1A3956D46DE8}") = "Solution Items", "Solution Items", "{B26DF4E5-2FF9-4037-8226-BFC2EA9D2CFE}"
	ProjectSection(SolutionItems) = preProject
		README.md = README.md
	EndProjectSection
EndProject
Project("{9A19103F-16F7-4668-BE54-9A1E7A4F7556}") = "Examination.Shared", "src\BuildingBlocks\Examination.Shared\Examination.Shared.csproj", "{265DF21C-0C7A-4EB2-9FC6-72DAD13EE22A}"
EndProject
Project("{9A19103F-16F7-4668-BE54-9A1E7A4F7556}") = "Examination.API", "src\Services\Examination\Examination.API\Examination.API.csproj", "{1A317380-6785-43FC-BBEA-F347B6FC5C2F}"
EndProject
Project("{9A19103F-16F7-4668-BE54-9A1E7A4F7556}") = "Examination.Application", "src\Services\Examination\Examination.Application\Examination.Application.csproj", "{47A27687-70D4-4DF0-891B-348A5341DFBB}"
EndProject
Project("{9A19103F-16F7-4668-BE54-9A1E7A4F7556}") = "Examination.Domain", "src\Services\Examination\Examination.Domain\Examination.Domain.csproj", "{D07570AE-B41E-402C-ABEA-DA48678165A9}"
EndProject
Project("{9A19103F-16F7-4668-BE54-9A1E7A4F7556}") = "Examination.Infrastructure.MongoDb", "src\Services\Examination\Examination.Infrastructure.MongoDb\Examination.Infrastructure.MongoDb.csproj", "{40518C2C-577E-45FB-AD8D-9012D4E87BE9}"
EndProject
Project("{9A19103F-16F7-4668-BE54-9A1E7A4F7556}") = "Identity.Admin", "src\Services\Identity\Identity.Admin\Identity.Admin.csproj", "{5AB501B6-2710-4A6D-8260-B8D01F921290}"
EndProject
Project("{9A19103F-16F7-4668-BE54-9A1E7A4F7556}") = "Identity.Admin.Api", "src\Services\Identity\Identity.Admin.Api\Identity.Admin.Api.csproj", "{C53EB5B8-2B90-486B-B0EC-7DDD023175BA}"
EndProject
Project("{9A19103F-16F7-4668-BE54-9A1E7A4F7556}") = "Identity.Admin.BusinessLogic", "src\Services\Identity\Identity.Admin.BusinessLogic\Identity.Admin.BusinessLogic.csproj", "{1C8BCF0F-6E4E-4897-8B55-8F092F091048}"
EndProject
Project("{9A19103F-16F7-4668-BE54-9A1E7A4F7556}") = "Identity.Admin.BusinessLogic.Identity", "src\Services\Identity\Identity.Admin.BusinessLogic.Identity\Identity.Admin.BusinessLogic.Identity.csproj", "{1D8E816F-4BEC-4E84-9555-49C284F8DE70}"
EndProject
Project("{9A19103F-16F7-4668-BE54-9A1E7A4F7556}") = "Identity.Admin.BusinessLogic.Shared", "src\Services\Identity\Identity.Admin.BusinessLogic.Shared\Identity.Admin.BusinessLogic.Shared.csproj", "{CD28E2A6-68AA-49D1-A35B-CBD48C15C863}"
EndProject
Project("{9A19103F-16F7-4668-BE54-9A1E7A4F7556}") = "Identity.Admin.EntityFramework", "src\Services\Identity\Identity.Admin.EntityFramework\Identity.Admin.EntityFramework.csproj", "{9CB48A32-9243-4D99-AC39-BB040FA70382}"
EndProject
Project("{9A19103F-16F7-4668-BE54-9A1E7A4F7556}") = "Identity.Admin.EntityFramework.Configuration", "src\Services\Identity\Identity.Admin.EntityFramework.Configuration\Identity.Admin.EntityFramework.Configuration.csproj", "{62E2CCC0-3016-4FF3-8545-31F9CB4E9C84}"
EndProject
Project("{9A19103F-16F7-4668-BE54-9A1E7A4F7556}") = "Identity.Admin.EntityFramework.Extensions", "src\Services\Identity\Identity.Admin.EntityFramework.Extensions\Identity.Admin.EntityFramework.Extensions.csproj", "{C51DE30D-F714-4AF7-ACAF-A36938E5F2D8}"
EndProject
Project("{9A19103F-16F7-4668-BE54-9A1E7A4F7556}") = "Identity.Admin.EntityFramework.Identity", "src\Services\Identity\Identity.Admin.EntityFramework.Identity\Identity.Admin.EntityFramework.Identity.csproj", "{645A63C5-6413-4D0F-AD01-98CDFEE14B01}"
EndProject
Project("{9A19103F-16F7-4668-BE54-9A1E7A4F7556}") = "Identity.Admin.EntityFramework.MySql", "src\Services\Identity\Identity.Admin.EntityFramework.MySql\Identity.Admin.EntityFramework.MySql.csproj", "{19B85FF6-D6B5-4D86-B2EF-468EDFD8F7F2}"
EndProject
Project("{9A19103F-16F7-4668-BE54-9A1E7A4F7556}") = "Identity.Admin.EntityFramework.PostgreSQL", "src\Services\Identity\Identity.Admin.EntityFramework.PostgreSQL\Identity.Admin.EntityFramework.PostgreSQL.csproj", "{C129C72F-D096-4BC0-8A63-8555451AA545}"
EndProject
Project("{9A19103F-16F7-4668-BE54-9A1E7A4F7556}") = "Identity.Admin.EntityFramework.Shared", "src\Services\Identity\Identity.Admin.EntityFramework.Shared\Identity.Admin.EntityFramework.Shared.csproj", "{92E68399-4297-40EC-B4C1-33D7BBD35449}"
EndProject
Project("{9A19103F-16F7-4668-BE54-9A1E7A4F7556}") = "Identity.Admin.EntityFramework.SqlServer", "src\Services\Identity\Identity.Admin.EntityFramework.SqlServer\Identity.Admin.EntityFramework.SqlServer.csproj", "{4B6C56FC-B02A-4661-BD0A-DAEF86FDA281}"
EndProject
Project("{9A19103F-16F7-4668-BE54-9A1E7A4F7556}") = "Identity.Shared", "src\Services\Identity\Identity.Shared\Identity.Shared.csproj", "{FA1BA317-E588-4C16-ACE9-36D629C81F08}"
EndProject
Project("{9A19103F-16F7-4668-BE54-9A1E7A4F7556}") = "Identity.Shared.Configuration", "src\Services\Identity\Identity.Shared.Configuration\Identity.Shared.Configuration.csproj", "{8E3892E1-B0E6-4455-8148-4C32903C1463}"
EndProject
Project("{9A19103F-16F7-4668-BE54-9A1E7A4F7556}") = "Identity.STS.Identity", "src\Services\Identity\Identity.STS.Identity\Identity.STS.Identity.csproj", "{5CB9A042-2899-4031-81E4-312B1615DDF4}"
EndProject
Project("{9A19103F-16F7-4668-BE54-9A1E7A4F7556}") = "Identity.Admin.UI", "src\Services\Identity\Identity.Admin.UI\Identity.Admin.UI.csproj", "{3E46DF84-05F0-44CF-B632-4899B9C5DAB9}"
EndProject
Project("{2150E333-8FDC-42A3-9474-1A3956D46DE8}") = "WebApps", "WebApps", "{4C0BED86-EC0E-447C-BC5C-13C97820BAFA}"
EndProject
Project("{9A19103F-16F7-4668-BE54-9A1E7A4F7556}") = "AdminApp", "src\WebApps\AdminApp\AdminApp.csproj", "{C7DD8827-5DD7-4B29-8475-8226E394D526}"
EndProject
Global
	GlobalSection(SolutionConfigurationPlatforms) = preSolution
		Debug|Any CPU = Debug|Any CPU
		Debug|x64 = Debug|x64
		Debug|x86 = Debug|x86
		Release|Any CPU = Release|Any CPU
		Release|x64 = Release|x64
		Release|x86 = Release|x86
	EndGlobalSection
	GlobalSection(ProjectConfigurationPlatforms) = postSolution
		{43024DAF-4AD5-4666-8D5E-CDA75BD0FC9D}.Debug|Any CPU.ActiveCfg = Debug|Any CPU
		{43024DAF-4AD5-4666-8D5E-CDA75BD0FC9D}.Debug|Any CPU.Build.0 = Debug|Any CPU
		{43024DAF-4AD5-4666-8D5E-CDA75BD0FC9D}.Debug|x64.ActiveCfg = Debug|Any CPU
		{43024DAF-4AD5-4666-8D5E-CDA75BD0FC9D}.Debug|x64.Build.0 = Debug|Any CPU
		{43024DAF-4AD5-4666-8D5E-CDA75BD0FC9D}.Debug|x86.ActiveCfg = Debug|Any CPU
		{43024DAF-4AD5-4666-8D5E-CDA75BD0FC9D}.Debug|x86.Build.0 = Debug|Any CPU
		{43024DAF-4AD5-4666-8D5E-CDA75BD0FC9D}.Release|Any CPU.ActiveCfg = Release|Any CPU
		{43024DAF-4AD5-4666-8D5E-CDA75BD0FC9D}.Release|Any CPU.Build.0 = Release|Any CPU
		{43024DAF-4AD5-4666-8D5E-CDA75BD0FC9D}.Release|x64.ActiveCfg = Release|Any CPU
		{43024DAF-4AD5-4666-8D5E-CDA75BD0FC9D}.Release|x64.Build.0 = Release|Any CPU
		{43024DAF-4AD5-4666-8D5E-CDA75BD0FC9D}.Release|x86.ActiveCfg = Release|Any CPU
		{43024DAF-4AD5-4666-8D5E-CDA75BD0FC9D}.Release|x86.Build.0 = Release|Any CPU
		{7F864D47-3BF7-4747-9BD2-EBADE25439B8}.Debug|Any CPU.ActiveCfg = Debug|Any CPU
		{7F864D47-3BF7-4747-9BD2-EBADE25439B8}.Debug|Any CPU.Build.0 = Debug|Any CPU
		{7F864D47-3BF7-4747-9BD2-EBADE25439B8}.Debug|x64.ActiveCfg = Debug|Any CPU
		{7F864D47-3BF7-4747-9BD2-EBADE25439B8}.Debug|x64.Build.0 = Debug|Any CPU
		{7F864D47-3BF7-4747-9BD2-EBADE25439B8}.Debug|x86.ActiveCfg = Debug|Any CPU
		{7F864D47-3BF7-4747-9BD2-EBADE25439B8}.Debug|x86.Build.0 = Debug|Any CPU
		{7F864D47-3BF7-4747-9BD2-EBADE25439B8}.Release|Any CPU.ActiveCfg = Release|Any CPU
		{7F864D47-3BF7-4747-9BD2-EBADE25439B8}.Release|Any CPU.Build.0 = Release|Any CPU
		{7F864D47-3BF7-4747-9BD2-EBADE25439B8}.Release|x64.ActiveCfg = Release|Any CPU
		{7F864D47-3BF7-4747-9BD2-EBADE25439B8}.Release|x64.Build.0 = Release|Any CPU
		{7F864D47-3BF7-4747-9BD2-EBADE25439B8}.Release|x86.ActiveCfg = Release|Any CPU
		{7F864D47-3BF7-4747-9BD2-EBADE25439B8}.Release|x86.Build.0 = Release|Any CPU
		{2DEE8BCB-690E-4A9E-8C38-F34DD51520D7}.Debug|Any CPU.ActiveCfg = Debug|Any CPU
		{2DEE8BCB-690E-4A9E-8C38-F34DD51520D7}.Debug|Any CPU.Build.0 = Debug|Any CPU
		{2DEE8BCB-690E-4A9E-8C38-F34DD51520D7}.Debug|x64.ActiveCfg = Debug|Any CPU
		{2DEE8BCB-690E-4A9E-8C38-F34DD51520D7}.Debug|x64.Build.0 = Debug|Any CPU
		{2DEE8BCB-690E-4A9E-8C38-F34DD51520D7}.Debug|x86.ActiveCfg = Debug|Any CPU
		{2DEE8BCB-690E-4A9E-8C38-F34DD51520D7}.Debug|x86.Build.0 = Debug|Any CPU
		{2DEE8BCB-690E-4A9E-8C38-F34DD51520D7}.Release|Any CPU.ActiveCfg = Release|Any CPU
		{2DEE8BCB-690E-4A9E-8C38-F34DD51520D7}.Release|Any CPU.Build.0 = Release|Any CPU
		{2DEE8BCB-690E-4A9E-8C38-F34DD51520D7}.Release|x64.ActiveCfg = Release|Any CPU
		{2DEE8BCB-690E-4A9E-8C38-F34DD51520D7}.Release|x64.Build.0 = Release|Any CPU
		{2DEE8BCB-690E-4A9E-8C38-F34DD51520D7}.Release|x86.ActiveCfg = Release|Any CPU
		{2DEE8BCB-690E-4A9E-8C38-F34DD51520D7}.Release|x86.Build.0 = Release|Any CPU
		{DBB654EC-8B11-454E-AEEF-EEDC200D9CC9}.Debug|Any CPU.ActiveCfg = Debug|Any CPU
		{DBB654EC-8B11-454E-AEEF-EEDC200D9CC9}.Debug|Any CPU.Build.0 = Debug|Any CPU
		{DBB654EC-8B11-454E-AEEF-EEDC200D9CC9}.Debug|x64.ActiveCfg = Debug|Any CPU
		{DBB654EC-8B11-454E-AEEF-EEDC200D9CC9}.Debug|x64.Build.0 = Debug|Any CPU
		{DBB654EC-8B11-454E-AEEF-EEDC200D9CC9}.Debug|x86.ActiveCfg = Debug|Any CPU
		{DBB654EC-8B11-454E-AEEF-EEDC200D9CC9}.Debug|x86.Build.0 = Debug|Any CPU
		{DBB654EC-8B11-454E-AEEF-EEDC200D9CC9}.Release|Any CPU.ActiveCfg = Release|Any CPU
		{DBB654EC-8B11-454E-AEEF-EEDC200D9CC9}.Release|Any CPU.Build.0 = Release|Any CPU
		{DBB654EC-8B11-454E-AEEF-EEDC200D9CC9}.Release|x64.ActiveCfg = Release|Any CPU
		{DBB654EC-8B11-454E-AEEF-EEDC200D9CC9}.Release|x64.Build.0 = Release|Any CPU
		{DBB654EC-8B11-454E-AEEF-EEDC200D9CC9}.Release|x86.ActiveCfg = Release|Any CPU
		{DBB654EC-8B11-454E-AEEF-EEDC200D9CC9}.Release|x86.Build.0 = Release|Any CPU
		{15C246CA-F8F4-4BA7-A708-7EE5F71C7A4A}.Debug|Any CPU.ActiveCfg = Debug|Any CPU
		{15C246CA-F8F4-4BA7-A708-7EE5F71C7A4A}.Debug|Any CPU.Build.0 = Debug|Any CPU
		{15C246CA-F8F4-4BA7-A708-7EE5F71C7A4A}.Debug|x64.ActiveCfg = Debug|Any CPU
		{15C246CA-F8F4-4BA7-A708-7EE5F71C7A4A}.Debug|x64.Build.0 = Debug|Any CPU
		{15C246CA-F8F4-4BA7-A708-7EE5F71C7A4A}.Debug|x86.ActiveCfg = Debug|Any CPU
		{15C246CA-F8F4-4BA7-A708-7EE5F71C7A4A}.Debug|x86.Build.0 = Debug|Any CPU
		{15C246CA-F8F4-4BA7-A708-7EE5F71C7A4A}.Release|Any CPU.ActiveCfg = Release|Any CPU
		{15C246CA-F8F4-4BA7-A708-7EE5F71C7A4A}.Release|Any CPU.Build.0 = Release|Any CPU
		{15C246CA-F8F4-4BA7-A708-7EE5F71C7A4A}.Release|x64.ActiveCfg = Release|Any CPU
		{15C246CA-F8F4-4BA7-A708-7EE5F71C7A4A}.Release|x64.Build.0 = Release|Any CPU
		{15C246CA-F8F4-4BA7-A708-7EE5F71C7A4A}.Release|x86.ActiveCfg = Release|Any CPU
		{15C246CA-F8F4-4BA7-A708-7EE5F71C7A4A}.Release|x86.Build.0 = Release|Any CPU
		{265DF21C-0C7A-4EB2-9FC6-72DAD13EE22A}.Debug|Any CPU.ActiveCfg = Debug|Any CPU
		{265DF21C-0C7A-4EB2-9FC6-72DAD13EE22A}.Debug|Any CPU.Build.0 = Debug|Any CPU
		{265DF21C-0C7A-4EB2-9FC6-72DAD13EE22A}.Debug|x64.ActiveCfg = Debug|Any CPU
		{265DF21C-0C7A-4EB2-9FC6-72DAD13EE22A}.Debug|x64.Build.0 = Debug|Any CPU
		{265DF21C-0C7A-4EB2-9FC6-72DAD13EE22A}.Debug|x86.ActiveCfg = Debug|Any CPU
		{265DF21C-0C7A-4EB2-9FC6-72DAD13EE22A}.Debug|x86.Build.0 = Debug|Any CPU
		{265DF21C-0C7A-4EB2-9FC6-72DAD13EE22A}.Release|Any CPU.ActiveCfg = Release|Any CPU
		{265DF21C-0C7A-4EB2-9FC6-72DAD13EE22A}.Release|Any CPU.Build.0 = Release|Any CPU
		{265DF21C-0C7A-4EB2-9FC6-72DAD13EE22A}.Release|x64.ActiveCfg = Release|Any CPU
		{265DF21C-0C7A-4EB2-9FC6-72DAD13EE22A}.Release|x64.Build.0 = Release|Any CPU
		{265DF21C-0C7A-4EB2-9FC6-72DAD13EE22A}.Release|x86.ActiveCfg = Release|Any CPU
		{265DF21C-0C7A-4EB2-9FC6-72DAD13EE22A}.Release|x86.Build.0 = Release|Any CPU
		{1A317380-6785-43FC-BBEA-F347B6FC5C2F}.Debug|Any CPU.ActiveCfg = Debug|Any CPU
		{1A317380-6785-43FC-BBEA-F347B6FC5C2F}.Debug|Any CPU.Build.0 = Debug|Any CPU
		{1A317380-6785-43FC-BBEA-F347B6FC5C2F}.Debug|x64.ActiveCfg = Debug|Any CPU
		{1A317380-6785-43FC-BBEA-F347B6FC5C2F}.Debug|x64.Build.0 = Debug|Any CPU
		{1A317380-6785-43FC-BBEA-F347B6FC5C2F}.Debug|x86.ActiveCfg = Debug|Any CPU
		{1A317380-6785-43FC-BBEA-F347B6FC5C2F}.Debug|x86.Build.0 = Debug|Any CPU
		{1A317380-6785-43FC-BBEA-F347B6FC5C2F}.Release|Any CPU.ActiveCfg = Release|Any CPU
		{1A317380-6785-43FC-BBEA-F347B6FC5C2F}.Release|Any CPU.Build.0 = Release|Any CPU
		{1A317380-6785-43FC-BBEA-F347B6FC5C2F}.Release|x64.ActiveCfg = Release|Any CPU
		{1A317380-6785-43FC-BBEA-F347B6FC5C2F}.Release|x64.Build.0 = Release|Any CPU
		{1A317380-6785-43FC-BBEA-F347B6FC5C2F}.Release|x86.ActiveCfg = Release|Any CPU
		{1A317380-6785-43FC-BBEA-F347B6FC5C2F}.Release|x86.Build.0 = Release|Any CPU
		{47A27687-70D4-4DF0-891B-348A5341DFBB}.Debug|Any CPU.ActiveCfg = Debug|Any CPU
		{47A27687-70D4-4DF0-891B-348A5341DFBB}.Debug|Any CPU.Build.0 = Debug|Any CPU
		{47A27687-70D4-4DF0-891B-348A5341DFBB}.Debug|x64.ActiveCfg = Debug|Any CPU
		{47A27687-70D4-4DF0-891B-348A5341DFBB}.Debug|x64.Build.0 = Debug|Any CPU
		{47A27687-70D4-4DF0-891B-348A5341DFBB}.Debug|x86.ActiveCfg = Debug|Any CPU
		{47A27687-70D4-4DF0-891B-348A5341DFBB}.Debug|x86.Build.0 = Debug|Any CPU
		{47A27687-70D4-4DF0-891B-348A5341DFBB}.Release|Any CPU.ActiveCfg = Release|Any CPU
		{47A27687-70D4-4DF0-891B-348A5341DFBB}.Release|Any CPU.Build.0 = Release|Any CPU
		{47A27687-70D4-4DF0-891B-348A5341DFBB}.Release|x64.ActiveCfg = Release|Any CPU
		{47A27687-70D4-4DF0-891B-348A5341DFBB}.Release|x64.Build.0 = Release|Any CPU
		{47A27687-70D4-4DF0-891B-348A5341DFBB}.Release|x86.ActiveCfg = Release|Any CPU
		{47A27687-70D4-4DF0-891B-348A5341DFBB}.Release|x86.Build.0 = Release|Any CPU
		{D07570AE-B41E-402C-ABEA-DA48678165A9}.Debug|Any CPU.ActiveCfg = Debug|Any CPU
		{D07570AE-B41E-402C-ABEA-DA48678165A9}.Debug|Any CPU.Build.0 = Debug|Any CPU
		{D07570AE-B41E-402C-ABEA-DA48678165A9}.Debug|x64.ActiveCfg = Debug|Any CPU
		{D07570AE-B41E-402C-ABEA-DA48678165A9}.Debug|x64.Build.0 = Debug|Any CPU
		{D07570AE-B41E-402C-ABEA-DA48678165A9}.Debug|x86.ActiveCfg = Debug|Any CPU
		{D07570AE-B41E-402C-ABEA-DA48678165A9}.Debug|x86.Build.0 = Debug|Any CPU
		{D07570AE-B41E-402C-ABEA-DA48678165A9}.Release|Any CPU.ActiveCfg = Release|Any CPU
		{D07570AE-B41E-402C-ABEA-DA48678165A9}.Release|Any CPU.Build.0 = Release|Any CPU
		{D07570AE-B41E-402C-ABEA-DA48678165A9}.Release|x64.ActiveCfg = Release|Any CPU
		{D07570AE-B41E-402C-ABEA-DA48678165A9}.Release|x64.Build.0 = Release|Any CPU
		{D07570AE-B41E-402C-ABEA-DA48678165A9}.Release|x86.ActiveCfg = Release|Any CPU
		{D07570AE-B41E-402C-ABEA-DA48678165A9}.Release|x86.Build.0 = Release|Any CPU
		{40518C2C-577E-45FB-AD8D-9012D4E87BE9}.Debug|Any CPU.ActiveCfg = Debug|Any CPU
		{40518C2C-577E-45FB-AD8D-9012D4E87BE9}.Debug|Any CPU.Build.0 = Debug|Any CPU
		{40518C2C-577E-45FB-AD8D-9012D4E87BE9}.Debug|x64.ActiveCfg = Debug|Any CPU
		{40518C2C-577E-45FB-AD8D-9012D4E87BE9}.Debug|x64.Build.0 = Debug|Any CPU
		{40518C2C-577E-45FB-AD8D-9012D4E87BE9}.Debug|x86.ActiveCfg = Debug|Any CPU
		{40518C2C-577E-45FB-AD8D-9012D4E87BE9}.Debug|x86.Build.0 = Debug|Any CPU
		{40518C2C-577E-45FB-AD8D-9012D4E87BE9}.Release|Any CPU.ActiveCfg = Release|Any CPU
		{40518C2C-577E-45FB-AD8D-9012D4E87BE9}.Release|Any CPU.Build.0 = Release|Any CPU
		{40518C2C-577E-45FB-AD8D-9012D4E87BE9}.Release|x64.ActiveCfg = Release|Any CPU
		{40518C2C-577E-45FB-AD8D-9012D4E87BE9}.Release|x64.Build.0 = Release|Any CPU
		{40518C2C-577E-45FB-AD8D-9012D4E87BE9}.Release|x86.ActiveCfg = Release|Any CPU
		{40518C2C-577E-45FB-AD8D-9012D4E87BE9}.Release|x86.Build.0 = Release|Any CPU
		{5AB501B6-2710-4A6D-8260-B8D01F921290}.Debug|Any CPU.ActiveCfg = Debug|Any CPU
		{5AB501B6-2710-4A6D-8260-B8D01F921290}.Debug|Any CPU.Build.0 = Debug|Any CPU
		{5AB501B6-2710-4A6D-8260-B8D01F921290}.Debug|x64.ActiveCfg = Debug|Any CPU
		{5AB501B6-2710-4A6D-8260-B8D01F921290}.Debug|x64.Build.0 = Debug|Any CPU
		{5AB501B6-2710-4A6D-8260-B8D01F921290}.Debug|x86.ActiveCfg = Debug|Any CPU
		{5AB501B6-2710-4A6D-8260-B8D01F921290}.Debug|x86.Build.0 = Debug|Any CPU
		{5AB501B6-2710-4A6D-8260-B8D01F921290}.Release|Any CPU.ActiveCfg = Release|Any CPU
		{5AB501B6-2710-4A6D-8260-B8D01F921290}.Release|Any CPU.Build.0 = Release|Any CPU
		{5AB501B6-2710-4A6D-8260-B8D01F921290}.Release|x64.ActiveCfg = Release|Any CPU
		{5AB501B6-2710-4A6D-8260-B8D01F921290}.Release|x64.Build.0 = Release|Any CPU
		{5AB501B6-2710-4A6D-8260-B8D01F921290}.Release|x86.ActiveCfg = Release|Any CPU
		{5AB501B6-2710-4A6D-8260-B8D01F921290}.Release|x86.Build.0 = Release|Any CPU
		{C53EB5B8-2B90-486B-B0EC-7DDD023175BA}.Debug|Any CPU.ActiveCfg = Debug|Any CPU
		{C53EB5B8-2B90-486B-B0EC-7DDD023175BA}.Debug|Any CPU.Build.0 = Debug|Any CPU
		{C53EB5B8-2B90-486B-B0EC-7DDD023175BA}.Debug|x64.ActiveCfg = Debug|Any CPU
		{C53EB5B8-2B90-486B-B0EC-7DDD023175BA}.Debug|x64.Build.0 = Debug|Any CPU
		{C53EB5B8-2B90-486B-B0EC-7DDD023175BA}.Debug|x86.ActiveCfg = Debug|Any CPU
		{C53EB5B8-2B90-486B-B0EC-7DDD023175BA}.Debug|x86.Build.0 = Debug|Any CPU
		{C53EB5B8-2B90-486B-B0EC-7DDD023175BA}.Release|Any CPU.ActiveCfg = Release|Any CPU
		{C53EB5B8-2B90-486B-B0EC-7DDD023175BA}.Release|Any CPU.Build.0 = Release|Any CPU
		{C53EB5B8-2B90-486B-B0EC-7DDD023175BA}.Release|x64.ActiveCfg = Release|Any CPU
		{C53EB5B8-2B90-486B-B0EC-7DDD023175BA}.Release|x64.Build.0 = Release|Any CPU
		{C53EB5B8-2B90-486B-B0EC-7DDD023175BA}.Release|x86.ActiveCfg = Release|Any CPU
		{C53EB5B8-2B90-486B-B0EC-7DDD023175BA}.Release|x86.Build.0 = Release|Any CPU
		{1C8BCF0F-6E4E-4897-8B55-8F092F091048}.Debug|Any CPU.ActiveCfg = Debug|Any CPU
		{1C8BCF0F-6E4E-4897-8B55-8F092F091048}.Debug|Any CPU.Build.0 = Debug|Any CPU
		{1C8BCF0F-6E4E-4897-8B55-8F092F091048}.Debug|x64.ActiveCfg = Debug|Any CPU
		{1C8BCF0F-6E4E-4897-8B55-8F092F091048}.Debug|x64.Build.0 = Debug|Any CPU
		{1C8BCF0F-6E4E-4897-8B55-8F092F091048}.Debug|x86.ActiveCfg = Debug|Any CPU
		{1C8BCF0F-6E4E-4897-8B55-8F092F091048}.Debug|x86.Build.0 = Debug|Any CPU
		{1C8BCF0F-6E4E-4897-8B55-8F092F091048}.Release|Any CPU.ActiveCfg = Release|Any CPU
		{1C8BCF0F-6E4E-4897-8B55-8F092F091048}.Release|Any CPU.Build.0 = Release|Any CPU
		{1C8BCF0F-6E4E-4897-8B55-8F092F091048}.Release|x64.ActiveCfg = Release|Any CPU
		{1C8BCF0F-6E4E-4897-8B55-8F092F091048}.Release|x64.Build.0 = Release|Any CPU
		{1C8BCF0F-6E4E-4897-8B55-8F092F091048}.Release|x86.ActiveCfg = Release|Any CPU
		{1C8BCF0F-6E4E-4897-8B55-8F092F091048}.Release|x86.Build.0 = Release|Any CPU
		{1D8E816F-4BEC-4E84-9555-49C284F8DE70}.Debug|Any CPU.ActiveCfg = Debug|Any CPU
		{1D8E816F-4BEC-4E84-9555-49C284F8DE70}.Debug|Any CPU.Build.0 = Debug|Any CPU
		{1D8E816F-4BEC-4E84-9555-49C284F8DE70}.Debug|x64.ActiveCfg = Debug|Any CPU
		{1D8E816F-4BEC-4E84-9555-49C284F8DE70}.Debug|x64.Build.0 = Debug|Any CPU
		{1D8E816F-4BEC-4E84-9555-49C284F8DE70}.Debug|x86.ActiveCfg = Debug|Any CPU
		{1D8E816F-4BEC-4E84-9555-49C284F8DE70}.Debug|x86.Build.0 = Debug|Any CPU
		{1D8E816F-4BEC-4E84-9555-49C284F8DE70}.Release|Any CPU.ActiveCfg = Release|Any CPU
		{1D8E816F-4BEC-4E84-9555-49C284F8DE70}.Release|Any CPU.Build.0 = Release|Any CPU
		{1D8E816F-4BEC-4E84-9555-49C284F8DE70}.Release|x64.ActiveCfg = Release|Any CPU
		{1D8E816F-4BEC-4E84-9555-49C284F8DE70}.Release|x64.Build.0 = Release|Any CPU
		{1D8E816F-4BEC-4E84-9555-49C284F8DE70}.Release|x86.ActiveCfg = Release|Any CPU
		{1D8E816F-4BEC-4E84-9555-49C284F8DE70}.Release|x86.Build.0 = Release|Any CPU
		{CD28E2A6-68AA-49D1-A35B-CBD48C15C863}.Debug|Any CPU.ActiveCfg = Debug|Any CPU
		{CD28E2A6-68AA-49D1-A35B-CBD48C15C863}.Debug|Any CPU.Build.0 = Debug|Any CPU
		{CD28E2A6-68AA-49D1-A35B-CBD48C15C863}.Debug|x64.ActiveCfg = Debug|Any CPU
		{CD28E2A6-68AA-49D1-A35B-CBD48C15C863}.Debug|x64.Build.0 = Debug|Any CPU
		{CD28E2A6-68AA-49D1-A35B-CBD48C15C863}.Debug|x86.ActiveCfg = Debug|Any CPU
		{CD28E2A6-68AA-49D1-A35B-CBD48C15C863}.Debug|x86.Build.0 = Debug|Any CPU
		{CD28E2A6-68AA-49D1-A35B-CBD48C15C863}.Release|Any CPU.ActiveCfg = Release|Any CPU
		{CD28E2A6-68AA-49D1-A35B-CBD48C15C863}.Release|Any CPU.Build.0 = Release|Any CPU
		{CD28E2A6-68AA-49D1-A35B-CBD48C15C863}.Release|x64.ActiveCfg = Release|Any CPU
		{CD28E2A6-68AA-49D1-A35B-CBD48C15C863}.Release|x64.Build.0 = Release|Any CPU
		{CD28E2A6-68AA-49D1-A35B-CBD48C15C863}.Release|x86.ActiveCfg = Release|Any CPU
		{CD28E2A6-68AA-49D1-A35B-CBD48C15C863}.Release|x86.Build.0 = Release|Any CPU
		{9CB48A32-9243-4D99-AC39-BB040FA70382}.Debug|Any CPU.ActiveCfg = Debug|Any CPU
		{9CB48A32-9243-4D99-AC39-BB040FA70382}.Debug|Any CPU.Build.0 = Debug|Any CPU
		{9CB48A32-9243-4D99-AC39-BB040FA70382}.Debug|x64.ActiveCfg = Debug|Any CPU
		{9CB48A32-9243-4D99-AC39-BB040FA70382}.Debug|x64.Build.0 = Debug|Any CPU
		{9CB48A32-9243-4D99-AC39-BB040FA70382}.Debug|x86.ActiveCfg = Debug|Any CPU
		{9CB48A32-9243-4D99-AC39-BB040FA70382}.Debug|x86.Build.0 = Debug|Any CPU
		{9CB48A32-9243-4D99-AC39-BB040FA70382}.Release|Any CPU.ActiveCfg = Release|Any CPU
		{9CB48A32-9243-4D99-AC39-BB040FA70382}.Release|Any CPU.Build.0 = Release|Any CPU
		{9CB48A32-9243-4D99-AC39-BB040FA70382}.Release|x64.ActiveCfg = Release|Any CPU
		{9CB48A32-9243-4D99-AC39-BB040FA70382}.Release|x64.Build.0 = Release|Any CPU
		{9CB48A32-9243-4D99-AC39-BB040FA70382}.Release|x86.ActiveCfg = Release|Any CPU
		{9CB48A32-9243-4D99-AC39-BB040FA70382}.Release|x86.Build.0 = Release|Any CPU
		{62E2CCC0-3016-4FF3-8545-31F9CB4E9C84}.Debug|Any CPU.ActiveCfg = Debug|Any CPU
		{62E2CCC0-3016-4FF3-8545-31F9CB4E9C84}.Debug|Any CPU.Build.0 = Debug|Any CPU
		{62E2CCC0-3016-4FF3-8545-31F9CB4E9C84}.Debug|x64.ActiveCfg = Debug|Any CPU
		{62E2CCC0-3016-4FF3-8545-31F9CB4E9C84}.Debug|x64.Build.0 = Debug|Any CPU
		{62E2CCC0-3016-4FF3-8545-31F9CB4E9C84}.Debug|x86.ActiveCfg = Debug|Any CPU
		{62E2CCC0-3016-4FF3-8545-31F9CB4E9C84}.Debug|x86.Build.0 = Debug|Any CPU
		{62E2CCC0-3016-4FF3-8545-31F9CB4E9C84}.Release|Any CPU.ActiveCfg = Release|Any CPU
		{62E2CCC0-3016-4FF3-8545-31F9CB4E9C84}.Release|Any CPU.Build.0 = Release|Any CPU
		{62E2CCC0-3016-4FF3-8545-31F9CB4E9C84}.Release|x64.ActiveCfg = Release|Any CPU
		{62E2CCC0-3016-4FF3-8545-31F9CB4E9C84}.Release|x64.Build.0 = Release|Any CPU
		{62E2CCC0-3016-4FF3-8545-31F9CB4E9C84}.Release|x86.ActiveCfg = Release|Any CPU
		{62E2CCC0-3016-4FF3-8545-31F9CB4E9C84}.Release|x86.Build.0 = Release|Any CPU
		{C51DE30D-F714-4AF7-ACAF-A36938E5F2D8}.Debug|Any CPU.ActiveCfg = Debug|Any CPU
		{C51DE30D-F714-4AF7-ACAF-A36938E5F2D8}.Debug|Any CPU.Build.0 = Debug|Any CPU
		{C51DE30D-F714-4AF7-ACAF-A36938E5F2D8}.Debug|x64.ActiveCfg = Debug|Any CPU
		{C51DE30D-F714-4AF7-ACAF-A36938E5F2D8}.Debug|x64.Build.0 = Debug|Any CPU
		{C51DE30D-F714-4AF7-ACAF-A36938E5F2D8}.Debug|x86.ActiveCfg = Debug|Any CPU
		{C51DE30D-F714-4AF7-ACAF-A36938E5F2D8}.Debug|x86.Build.0 = Debug|Any CPU
		{C51DE30D-F714-4AF7-ACAF-A36938E5F2D8}.Release|Any CPU.ActiveCfg = Release|Any CPU
		{C51DE30D-F714-4AF7-ACAF-A36938E5F2D8}.Release|Any CPU.Build.0 = Release|Any CPU
		{C51DE30D-F714-4AF7-ACAF-A36938E5F2D8}.Release|x64.ActiveCfg = Release|Any CPU
		{C51DE30D-F714-4AF7-ACAF-A36938E5F2D8}.Release|x64.Build.0 = Release|Any CPU
		{C51DE30D-F714-4AF7-ACAF-A36938E5F2D8}.Release|x86.ActiveCfg = Release|Any CPU
		{C51DE30D-F714-4AF7-ACAF-A36938E5F2D8}.Release|x86.Build.0 = Release|Any CPU
		{645A63C5-6413-4D0F-AD01-98CDFEE14B01}.Debug|Any CPU.ActiveCfg = Debug|Any CPU
		{645A63C5-6413-4D0F-AD01-98CDFEE14B01}.Debug|Any CPU.Build.0 = Debug|Any CPU
		{645A63C5-6413-4D0F-AD01-98CDFEE14B01}.Debug|x64.ActiveCfg = Debug|Any CPU
		{645A63C5-6413-4D0F-AD01-98CDFEE14B01}.Debug|x64.Build.0 = Debug|Any CPU
		{645A63C5-6413-4D0F-AD01-98CDFEE14B01}.Debug|x86.ActiveCfg = Debug|Any CPU
		{645A63C5-6413-4D0F-AD01-98CDFEE14B01}.Debug|x86.Build.0 = Debug|Any CPU
		{645A63C5-6413-4D0F-AD01-98CDFEE14B01}.Release|Any CPU.ActiveCfg = Release|Any CPU
		{645A63C5-6413-4D0F-AD01-98CDFEE14B01}.Release|Any CPU.Build.0 = Release|Any CPU
		{645A63C5-6413-4D0F-AD01-98CDFEE14B01}.Release|x64.ActiveCfg = Release|Any CPU
		{645A63C5-6413-4D0F-AD01-98CDFEE14B01}.Release|x64.Build.0 = Release|Any CPU
		{645A63C5-6413-4D0F-AD01-98CDFEE14B01}.Release|x86.ActiveCfg = Release|Any CPU
		{645A63C5-6413-4D0F-AD01-98CDFEE14B01}.Release|x86.Build.0 = Release|Any CPU
		{19B85FF6-D6B5-4D86-B2EF-468EDFD8F7F2}.Debug|Any CPU.ActiveCfg = Debug|Any CPU
		{19B85FF6-D6B5-4D86-B2EF-468EDFD8F7F2}.Debug|Any CPU.Build.0 = Debug|Any CPU
		{19B85FF6-D6B5-4D86-B2EF-468EDFD8F7F2}.Debug|x64.ActiveCfg = Debug|Any CPU
		{19B85FF6-D6B5-4D86-B2EF-468EDFD8F7F2}.Debug|x64.Build.0 = Debug|Any CPU
		{19B85FF6-D6B5-4D86-B2EF-468EDFD8F7F2}.Debug|x86.ActiveCfg = Debug|Any CPU
		{19B85FF6-D6B5-4D86-B2EF-468EDFD8F7F2}.Debug|x86.Build.0 = Debug|Any CPU
		{19B85FF6-D6B5-4D86-B2EF-468EDFD8F7F2}.Release|Any CPU.ActiveCfg = Release|Any CPU
		{19B85FF6-D6B5-4D86-B2EF-468EDFD8F7F2}.Release|Any CPU.Build.0 = Release|Any CPU
		{19B85FF6-D6B5-4D86-B2EF-468EDFD8F7F2}.Release|x64.ActiveCfg = Release|Any CPU
		{19B85FF6-D6B5-4D86-B2EF-468EDFD8F7F2}.Release|x64.Build.0 = Release|Any CPU
		{19B85FF6-D6B5-4D86-B2EF-468EDFD8F7F2}.Release|x86.ActiveCfg = Release|Any CPU
		{19B85FF6-D6B5-4D86-B2EF-468EDFD8F7F2}.Release|x86.Build.0 = Release|Any CPU
		{C129C72F-D096-4BC0-8A63-8555451AA545}.Debug|Any CPU.ActiveCfg = Debug|Any CPU
		{C129C72F-D096-4BC0-8A63-8555451AA545}.Debug|Any CPU.Build.0 = Debug|Any CPU
		{C129C72F-D096-4BC0-8A63-8555451AA545}.Debug|x64.ActiveCfg = Debug|Any CPU
		{C129C72F-D096-4BC0-8A63-8555451AA545}.Debug|x64.Build.0 = Debug|Any CPU
		{C129C72F-D096-4BC0-8A63-8555451AA545}.Debug|x86.ActiveCfg = Debug|Any CPU
		{C129C72F-D096-4BC0-8A63-8555451AA545}.Debug|x86.Build.0 = Debug|Any CPU
		{C129C72F-D096-4BC0-8A63-8555451AA545}.Release|Any CPU.ActiveCfg = Release|Any CPU
		{C129C72F-D096-4BC0-8A63-8555451AA545}.Release|Any CPU.Build.0 = Release|Any CPU
		{C129C72F-D096-4BC0-8A63-8555451AA545}.Release|x64.ActiveCfg = Release|Any CPU
		{C129C72F-D096-4BC0-8A63-8555451AA545}.Release|x64.Build.0 = Release|Any CPU
		{C129C72F-D096-4BC0-8A63-8555451AA545}.Release|x86.ActiveCfg = Release|Any CPU
		{C129C72F-D096-4BC0-8A63-8555451AA545}.Release|x86.Build.0 = Release|Any CPU
		{92E68399-4297-40EC-B4C1-33D7BBD35449}.Debug|Any CPU.ActiveCfg = Debug|Any CPU
		{92E68399-4297-40EC-B4C1-33D7BBD35449}.Debug|Any CPU.Build.0 = Debug|Any CPU
		{92E68399-4297-40EC-B4C1-33D7BBD35449}.Debug|x64.ActiveCfg = Debug|Any CPU
		{92E68399-4297-40EC-B4C1-33D7BBD35449}.Debug|x64.Build.0 = Debug|Any CPU
		{92E68399-4297-40EC-B4C1-33D7BBD35449}.Debug|x86.ActiveCfg = Debug|Any CPU
		{92E68399-4297-40EC-B4C1-33D7BBD35449}.Debug|x86.Build.0 = Debug|Any CPU
		{92E68399-4297-40EC-B4C1-33D7BBD35449}.Release|Any CPU.ActiveCfg = Release|Any CPU
		{92E68399-4297-40EC-B4C1-33D7BBD35449}.Release|Any CPU.Build.0 = Release|Any CPU
		{92E68399-4297-40EC-B4C1-33D7BBD35449}.Release|x64.ActiveCfg = Release|Any CPU
		{92E68399-4297-40EC-B4C1-33D7BBD35449}.Release|x64.Build.0 = Release|Any CPU
		{92E68399-4297-40EC-B4C1-33D7BBD35449}.Release|x86.ActiveCfg = Release|Any CPU
		{92E68399-4297-40EC-B4C1-33D7BBD35449}.Release|x86.Build.0 = Release|Any CPU
		{4B6C56FC-B02A-4661-BD0A-DAEF86FDA281}.Debug|Any CPU.ActiveCfg = Debug|Any CPU
		{4B6C56FC-B02A-4661-BD0A-DAEF86FDA281}.Debug|Any CPU.Build.0 = Debug|Any CPU
		{4B6C56FC-B02A-4661-BD0A-DAEF86FDA281}.Debug|x64.ActiveCfg = Debug|Any CPU
		{4B6C56FC-B02A-4661-BD0A-DAEF86FDA281}.Debug|x64.Build.0 = Debug|Any CPU
		{4B6C56FC-B02A-4661-BD0A-DAEF86FDA281}.Debug|x86.ActiveCfg = Debug|Any CPU
		{4B6C56FC-B02A-4661-BD0A-DAEF86FDA281}.Debug|x86.Build.0 = Debug|Any CPU
		{4B6C56FC-B02A-4661-BD0A-DAEF86FDA281}.Release|Any CPU.ActiveCfg = Release|Any CPU
		{4B6C56FC-B02A-4661-BD0A-DAEF86FDA281}.Release|Any CPU.Build.0 = Release|Any CPU
		{4B6C56FC-B02A-4661-BD0A-DAEF86FDA281}.Release|x64.ActiveCfg = Release|Any CPU
		{4B6C56FC-B02A-4661-BD0A-DAEF86FDA281}.Release|x64.Build.0 = Release|Any CPU
		{4B6C56FC-B02A-4661-BD0A-DAEF86FDA281}.Release|x86.ActiveCfg = Release|Any CPU
		{4B6C56FC-B02A-4661-BD0A-DAEF86FDA281}.Release|x86.Build.0 = Release|Any CPU
		{FA1BA317-E588-4C16-ACE9-36D629C81F08}.Debug|Any CPU.ActiveCfg = Debug|Any CPU
		{FA1BA317-E588-4C16-ACE9-36D629C81F08}.Debug|Any CPU.Build.0 = Debug|Any CPU
		{FA1BA317-E588-4C16-ACE9-36D629C81F08}.Debug|x64.ActiveCfg = Debug|Any CPU
		{FA1BA317-E588-4C16-ACE9-36D629C81F08}.Debug|x64.Build.0 = Debug|Any CPU
		{FA1BA317-E588-4C16-ACE9-36D629C81F08}.Debug|x86.ActiveCfg = Debug|Any CPU
		{FA1BA317-E588-4C16-ACE9-36D629C81F08}.Debug|x86.Build.0 = Debug|Any CPU
		{FA1BA317-E588-4C16-ACE9-36D629C81F08}.Release|Any CPU.ActiveCfg = Release|Any CPU
		{FA1BA317-E588-4C16-ACE9-36D629C81F08}.Release|Any CPU.Build.0 = Release|Any CPU
		{FA1BA317-E588-4C16-ACE9-36D629C81F08}.Release|x64.ActiveCfg = Release|Any CPU
		{FA1BA317-E588-4C16-ACE9-36D629C81F08}.Release|x64.Build.0 = Release|Any CPU
		{FA1BA317-E588-4C16-ACE9-36D629C81F08}.Release|x86.ActiveCfg = Release|Any CPU
		{FA1BA317-E588-4C16-ACE9-36D629C81F08}.Release|x86.Build.0 = Release|Any CPU
		{8E3892E1-B0E6-4455-8148-4C32903C1463}.Debug|Any CPU.ActiveCfg = Debug|Any CPU
		{8E3892E1-B0E6-4455-8148-4C32903C1463}.Debug|Any CPU.Build.0 = Debug|Any CPU
		{8E3892E1-B0E6-4455-8148-4C32903C1463}.Debug|x64.ActiveCfg = Debug|Any CPU
		{8E3892E1-B0E6-4455-8148-4C32903C1463}.Debug|x64.Build.0 = Debug|Any CPU
		{8E3892E1-B0E6-4455-8148-4C32903C1463}.Debug|x86.ActiveCfg = Debug|Any CPU
		{8E3892E1-B0E6-4455-8148-4C32903C1463}.Debug|x86.Build.0 = Debug|Any CPU
		{8E3892E1-B0E6-4455-8148-4C32903C1463}.Release|Any CPU.ActiveCfg = Release|Any CPU
		{8E3892E1-B0E6-4455-8148-4C32903C1463}.Release|Any CPU.Build.0 = Release|Any CPU
		{8E3892E1-B0E6-4455-8148-4C32903C1463}.Release|x64.ActiveCfg = Release|Any CPU
		{8E3892E1-B0E6-4455-8148-4C32903C1463}.Release|x64.Build.0 = Release|Any CPU
		{8E3892E1-B0E6-4455-8148-4C32903C1463}.Release|x86.ActiveCfg = Release|Any CPU
		{8E3892E1-B0E6-4455-8148-4C32903C1463}.Release|x86.Build.0 = Release|Any CPU
		{5CB9A042-2899-4031-81E4-312B1615DDF4}.Debug|Any CPU.ActiveCfg = Debug|Any CPU
		{5CB9A042-2899-4031-81E4-312B1615DDF4}.Debug|Any CPU.Build.0 = Debug|Any CPU
		{5CB9A042-2899-4031-81E4-312B1615DDF4}.Debug|x64.ActiveCfg = Debug|Any CPU
		{5CB9A042-2899-4031-81E4-312B1615DDF4}.Debug|x64.Build.0 = Debug|Any CPU
		{5CB9A042-2899-4031-81E4-312B1615DDF4}.Debug|x86.ActiveCfg = Debug|Any CPU
		{5CB9A042-2899-4031-81E4-312B1615DDF4}.Debug|x86.Build.0 = Debug|Any CPU
		{5CB9A042-2899-4031-81E4-312B1615DDF4}.Release|Any CPU.ActiveCfg = Release|Any CPU
		{5CB9A042-2899-4031-81E4-312B1615DDF4}.Release|Any CPU.Build.0 = Release|Any CPU
		{5CB9A042-2899-4031-81E4-312B1615DDF4}.Release|x64.ActiveCfg = Release|Any CPU
		{5CB9A042-2899-4031-81E4-312B1615DDF4}.Release|x64.Build.0 = Release|Any CPU
		{5CB9A042-2899-4031-81E4-312B1615DDF4}.Release|x86.ActiveCfg = Release|Any CPU
		{5CB9A042-2899-4031-81E4-312B1615DDF4}.Release|x86.Build.0 = Release|Any CPU
		{3E46DF84-05F0-44CF-B632-4899B9C5DAB9}.Debug|Any CPU.ActiveCfg = Debug|Any CPU
		{3E46DF84-05F0-44CF-B632-4899B9C5DAB9}.Debug|Any CPU.Build.0 = Debug|Any CPU
		{3E46DF84-05F0-44CF-B632-4899B9C5DAB9}.Debug|x64.ActiveCfg = Debug|Any CPU
		{3E46DF84-05F0-44CF-B632-4899B9C5DAB9}.Debug|x64.Build.0 = Debug|Any CPU
		{3E46DF84-05F0-44CF-B632-4899B9C5DAB9}.Debug|x86.ActiveCfg = Debug|Any CPU
		{3E46DF84-05F0-44CF-B632-4899B9C5DAB9}.Debug|x86.Build.0 = Debug|Any CPU
		{3E46DF84-05F0-44CF-B632-4899B9C5DAB9}.Release|Any CPU.ActiveCfg = Release|Any CPU
		{3E46DF84-05F0-44CF-B632-4899B9C5DAB9}.Release|Any CPU.Build.0 = Release|Any CPU
		{3E46DF84-05F0-44CF-B632-4899B9C5DAB9}.Release|x64.ActiveCfg = Release|Any CPU
		{3E46DF84-05F0-44CF-B632-4899B9C5DAB9}.Release|x64.Build.0 = Release|Any CPU
		{3E46DF84-05F0-44CF-B632-4899B9C5DAB9}.Release|x86.ActiveCfg = Release|Any CPU
		{3E46DF84-05F0-44CF-B632-4899B9C5DAB9}.Release|x86.Build.0 = Release|Any CPU
		{C7DD8827-5DD7-4B29-8475-8226E394D526}.Debug|Any CPU.ActiveCfg = Debug|Any CPU
		{C7DD8827-5DD7-4B29-8475-8226E394D526}.Debug|Any CPU.Build.0 = Debug|Any CPU
		{C7DD8827-5DD7-4B29-8475-8226E394D526}.Debug|x64.ActiveCfg = Debug|Any CPU
		{C7DD8827-5DD7-4B29-8475-8226E394D526}.Debug|x64.Build.0 = Debug|Any CPU
		{C7DD8827-5DD7-4B29-8475-8226E394D526}.Debug|x86.ActiveCfg = Debug|Any CPU
		{C7DD8827-5DD7-4B29-8475-8226E394D526}.Debug|x86.Build.0 = Debug|Any CPU
		{C7DD8827-5DD7-4B29-8475-8226E394D526}.Release|Any CPU.ActiveCfg = Release|Any CPU
		{C7DD8827-5DD7-4B29-8475-8226E394D526}.Release|Any CPU.Build.0 = Release|Any CPU
		{C7DD8827-5DD7-4B29-8475-8226E394D526}.Release|x64.ActiveCfg = Release|Any CPU
		{C7DD8827-5DD7-4B29-8475-8226E394D526}.Release|x64.Build.0 = Release|Any CPU
		{C7DD8827-5DD7-4B29-8475-8226E394D526}.Release|x86.ActiveCfg = Release|Any CPU
		{C7DD8827-5DD7-4B29-8475-8226E394D526}.Release|x86.Build.0 = Release|Any CPU
	EndGlobalSection
	GlobalSection(SolutionProperties) = preSolution
		HideSolutionNode = FALSE
	EndGlobalSection
	GlobalSection(NestedProjects) = preSolution
		{5A939915-9437-4E19-AB69-C69C846D661E} = {39965430-F190-11EB-9659-AF5563079022}
		{1750E176-8084-4E1A-9425-AC9DF5ACEAC0} = {1C551DD6-46A1-4640-9A26-F26B019399CD}
		{43024DAF-4AD5-4666-8D5E-CDA75BD0FC9D} = {1750E176-8084-4E1A-9425-AC9DF5ACEAC0}
		{A687E90A-DC27-4EC3-A9A9-FB864E2DE4B2} = {1C551DD6-46A1-4640-9A26-F26B019399CD}
		{7F864D47-3BF7-4747-9BD2-EBADE25439B8} = {A687E90A-DC27-4EC3-A9A9-FB864E2DE4B2}
		{2DEE8BCB-690E-4A9E-8C38-F34DD51520D7} = {A687E90A-DC27-4EC3-A9A9-FB864E2DE4B2}
		{DBB654EC-8B11-454E-AEEF-EEDC200D9CC9} = {A687E90A-DC27-4EC3-A9A9-FB864E2DE4B2}
		{15C246CA-F8F4-4BA7-A708-7EE5F71C7A4A} = {A687E90A-DC27-4EC3-A9A9-FB864E2DE4B2}
		{C86D4D66-AAB4-4B97-89A3-0E4070FF9AF7} = {77319A98-AFD5-4881-B872-A71051F53AD0}
		{C131BDC0-F029-11EB-8BE3-7B0C45061305} = {39965430-F190-11EB-9659-AF5563079022}
		{39965430-F190-11EB-9659-AF5563079022} = {77319A98-AFD5-4881-B872-A71051F53AD0}
		{265DF21C-0C7A-4EB2-9FC6-72DAD13EE22A} = {C86D4D66-AAB4-4B97-89A3-0E4070FF9AF7}
		{1A317380-6785-43FC-BBEA-F347B6FC5C2F} = {5A939915-9437-4E19-AB69-C69C846D661E}
		{47A27687-70D4-4DF0-891B-348A5341DFBB} = {5A939915-9437-4E19-AB69-C69C846D661E}
		{D07570AE-B41E-402C-ABEA-DA48678165A9} = {5A939915-9437-4E19-AB69-C69C846D661E}
		{40518C2C-577E-45FB-AD8D-9012D4E87BE9} = {5A939915-9437-4E19-AB69-C69C846D661E}
		{5AB501B6-2710-4A6D-8260-B8D01F921290} = {C131BDC0-F029-11EB-8BE3-7B0C45061305}
		{C53EB5B8-2B90-486B-B0EC-7DDD023175BA} = {C131BDC0-F029-11EB-8BE3-7B0C45061305}
		{1C8BCF0F-6E4E-4897-8B55-8F092F091048} = {C131BDC0-F029-11EB-8BE3-7B0C45061305}
		{1D8E816F-4BEC-4E84-9555-49C284F8DE70} = {C131BDC0-F029-11EB-8BE3-7B0C45061305}
		{CD28E2A6-68AA-49D1-A35B-CBD48C15C863} = {C131BDC0-F029-11EB-8BE3-7B0C45061305}
		{9CB48A32-9243-4D99-AC39-BB040FA70382} = {C131BDC0-F029-11EB-8BE3-7B0C45061305}
		{62E2CCC0-3016-4FF3-8545-31F9CB4E9C84} = {C131BDC0-F029-11EB-8BE3-7B0C45061305}
		{C51DE30D-F714-4AF7-ACAF-A36938E5F2D8} = {C131BDC0-F029-11EB-8BE3-7B0C45061305}
		{645A63C5-6413-4D0F-AD01-98CDFEE14B01} = {C131BDC0-F029-11EB-8BE3-7B0C45061305}
		{19B85FF6-D6B5-4D86-B2EF-468EDFD8F7F2} = {C131BDC0-F029-11EB-8BE3-7B0C45061305}
		{C129C72F-D096-4BC0-8A63-8555451AA545} = {C131BDC0-F029-11EB-8BE3-7B0C45061305}
		{92E68399-4297-40EC-B4C1-33D7BBD35449} = {C131BDC0-F029-11EB-8BE3-7B0C45061305}
		{4B6C56FC-B02A-4661-BD0A-DAEF86FDA281} = {C131BDC0-F029-11EB-8BE3-7B0C45061305}
		{FA1BA317-E588-4C16-ACE9-36D629C81F08} = {C131BDC0-F029-11EB-8BE3-7B0C45061305}
		{8E3892E1-B0E6-4455-8148-4C32903C1463} = {C131BDC0-F029-11EB-8BE3-7B0C45061305}
		{5CB9A042-2899-4031-81E4-312B1615DDF4} = {C131BDC0-F029-11EB-8BE3-7B0C45061305}
		{3E46DF84-05F0-44CF-B632-4899B9C5DAB9} = {C131BDC0-F029-11EB-8BE3-7B0C45061305}
		{4C0BED86-EC0E-447C-BC5C-13C97820BAFA} = {77319A98-AFD5-4881-B872-A71051F53AD0}
		{C7DD8827-5DD7-4B29-8475-8226E394D526} = {4C0BED86-EC0E-447C-BC5C-13C97820BAFA}
	EndGlobalSection
	GlobalSection(ExtensibilityGlobals) = postSolution
		SolutionGuid = {FDB7EB17-5546-483D-873A-C3CE84CE5629}
	EndGlobalSection
EndGlobal
