
Microsoft Visual Studio Solution File, Format Version 12.00
# Visual Studio Version 16
VisualStudioVersion = 16.0.31515.178
MinimumVisualStudioVersion = 15.0.26124.0
Project("{2150E333-8FDC-42A3-9474-1A3956D46DE8}") = "src", "src", "{77319A98-AFD5-4881-B872-A71051F53AD0}"
EndProject
Project("{2150E333-8FDC-42A3-9474-1A3956D46DE8}") = "Examination", "Examination", "{5A939915-9437-4E19-AB69-C69C846D661E}"
EndProject
Project("{9A19103F-16F7-4668-BE54-9A1E7A4F7556}") = "Examination.API", "src\Examination\Examination.API\Examination.API.csproj", "{55117740-2922-4B5C-901A-BC73FA6EF759}"
EndProject
Project("{9A19103F-16F7-4668-BE54-9A1E7A4F7556}") = "Examination.Application", "src\Examination\Examination.Application\Examination.Application.csproj", "{287F66D3-BE20-44DE-B081-213ADB477951}"
EndProject
Project("{9A19103F-16F7-4668-BE54-9A1E7A4F7556}") = "Examination.Domain", "src\Examination\Examination.Domain\Examination.Domain.csproj", "{93DF96DB-20FC-4733-AB8C-932EA03CC3E8}"
EndProject
Project("{9A19103F-16F7-4668-BE54-9A1E7A4F7556}") = "Examination.Infrastructure", "src\Examination\Examination.Infrastructure\Examination.Infrastructure.csproj", "{586BDDC5-F669-467B-B908-91D3DEAC74F1}"
EndProject
Project("{2150E333-8FDC-42A3-9474-1A3956D46DE8}") = "tests", "tests", "{1C551DD6-46A1-4640-9A26-F26B019399CD}"
EndProject
Project("{2150E333-8FDC-42A3-9474-1A3956D46DE8}") = "Identity.API", "Identity.API", "{1750E176-8084-4E1A-9425-AC9DF5ACEAC0}"
EndProject
Project("{9A19103F-16F7-4668-BE54-9A1E7A4F7556}") = "Identity.API.IntegrationTests", "tests\Identity\Identity.API.IntegrationTests\Identity.API.IntegrationTests.csproj", "{43024DAF-4AD5-4666-8D5E-CDA75BD0FC9D}"
EndProject
Project("{2150E333-8FDC-42A3-9474-1A3956D46DE8}") = "Examination", "Examination", "{A687E90A-DC27-4EC3-A9A9-FB864E2DE4B2}"
EndProject
Project("{9A19103F-16F7-4668-BE54-9A1E7A4F7556}") = "Examination.Infrastructure.IntegrationTests", "tests\Examination\Examination.Infrastructure.IntegrationTests\Examination.Infrastructure.IntegrationTests.csproj", "{7F864D47-3BF7-4747-9BD2-EBADE25439B8}"
EndProject
Project("{9A19103F-16F7-4668-BE54-9A1E7A4F7556}") = "Examination.Domain.UnitTests", "tests\Examination\Examination.Domain.UnitTests\Examination.Domain.UnitTests.csproj", "{2DEE8BCB-690E-4A9E-8C38-F34DD51520D7}"
EndProject
Project("{9A19103F-16F7-4668-BE54-9A1E7A4F7556}") = "Examination.Application.UnitTests", "tests\Examination\Examination.Application.UnitTests\Examination.Application.UnitTests.csproj", "{DBB654EC-8B11-454E-AEEF-EEDC200D9CC9}"
EndProject
Project("{9A19103F-16F7-4668-BE54-9A1E7A4F7556}") = "Examination.API.IntegrationTests", "tests\Examination\Examination.API.IntegrationTests\Examination.API.IntegrationTests.csproj", "{15C246CA-F8F4-4BA7-A708-7EE5F71C7A4A}"
EndProject
Project("{2150E333-8FDC-42A3-9474-1A3956D46DE8}") = "BuildingBlocks", "BuildingBlocks", "{C86D4D66-AAB4-4B97-89A3-0E4070FF9AF7}"
EndProject
Project("{9A19103F-16F7-4668-BE54-9A1E7A4F7556}") = "Examination.Dtos", "src\BuildingBlocks\Examination.Dtos\Examination.Dtos.csproj", "{A618E8DF-AE60-4CFD-8BD1-741891725F35}"
EndProject
Project("{2150E333-8FDC-42A3-9474-1A3956D46DE8}") = "Identity", "Identity", "{C131BDC0-F029-11EB-8BE3-7B0C45061305}"
EndProject
Project("{9A19103F-16F7-4668-BE54-9A1E7A4F7556}") = "Identity.Admin.BusinessLogic", "src\Identity\Identity.Admin.BusinessLogic\Identity.Admin.BusinessLogic.csproj", "{B344C3EC-01BA-415F-ADB3-8B0275EE8467}"
EndProject
Project("{9A19103F-16F7-4668-BE54-9A1E7A4F7556}") = "Identity.Admin.BusinessLogic.Identity", "src\Identity\Identity.Admin.BusinessLogic.Identity\Identity.Admin.BusinessLogic.Identity.csproj", "{C74BCDD2-725D-43F2-8928-469773D52F22}"
EndProject
Project("{9A19103F-16F7-4668-BE54-9A1E7A4F7556}") = "Identity.Admin.BusinessLogic.Shared", "src\Identity\Identity.Admin.BusinessLogic.Shared\Identity.Admin.BusinessLogic.Shared.csproj", "{46EB63CB-EC5A-4D9A-B400-A4A80775F236}"
EndProject
Project("{9A19103F-16F7-4668-BE54-9A1E7A4F7556}") = "Identity.Admin.EntityFramework", "src\Identity\Identity.Admin.EntityFramework\Identity.Admin.EntityFramework.csproj", "{DE93C94C-0ED3-4D89-AEF8-74274C959B10}"
EndProject
Project("{9A19103F-16F7-4668-BE54-9A1E7A4F7556}") = "Identity.Admin.EntityFramework.Extensions", "src\Identity\Identity.Admin.EntityFramework.Extensions\Identity.Admin.EntityFramework.Extensions.csproj", "{F5037003-B60A-49CF-8D28-4A57D581B8F9}"
EndProject
Project("{9A19103F-16F7-4668-BE54-9A1E7A4F7556}") = "Identity.Admin.EntityFramework.Identity", "src\Identity\Identity.Admin.EntityFramework.Identity\Identity.Admin.EntityFramework.Identity.csproj", "{1B6403F4-6F48-4A0D-9BB8-B1B70C644279}"
EndProject
Project("{9A19103F-16F7-4668-BE54-9A1E7A4F7556}") = "Identity.Admin.EntityFramework.Shared", "src\Identity\Identity.Admin.EntityFramework.Shared\Identity.Admin.EntityFramework.Shared.csproj", "{5D8AA6F8-BEE6-4079-89CA-B02AB361C489}"
EndProject
Project("{9A19103F-16F7-4668-BE54-9A1E7A4F7556}") = "Identity.Admin.EntityFramework.SqlServer", "src\Identity\Identity.Admin.EntityFramework.SqlServer\Identity.Admin.EntityFramework.SqlServer.csproj", "{2CAD0FD8-4FFF-4D19-A701-60FB103BC3F6}"
EndProject
Project("{9A19103F-16F7-4668-BE54-9A1E7A4F7556}") = "Identity.Shared", "src\Identity\Identity.Shared\Identity.Shared.csproj", "{2A5D469E-8FDD-4A2D-87E3-94CD71862312}"
EndProject
Project("{9A19103F-16F7-4668-BE54-9A1E7A4F7556}") = "Identity.STS.Identity", "src\Identity\Identity.STS.Identity\Identity.STS.Identity.csproj", "{D316ACD1-E91C-4991-A3C4-590B5A7AE15F}"
EndProject
Project("{2150E333-8FDC-42A3-9474-1A3956D46DE8}") = "Services", "Services", "{39965430-F190-11EB-9659-AF5563079022}"
EndProject
Project("{2150E333-8FDC-42A3-9474-1A3956D46DE8}") = "WebApps", "WebApps", "{A30042A0-F190-11EB-9659-AF5563079022}"
EndProject
Project("{9A19103F-16F7-4668-BE54-9A1E7A4F7556}") = "AdminApp", "src\WebApps\AdminApp\AdminApp.csproj", "{C8EFA781-A8DA-4D6F-95CF-8D5931656108}"
EndProject
Project("{2150E333-8FDC-42A3-9474-1A3956D46DE8}") = "Solution Items", "Solution Items", "{B26DF4E5-2FF9-4037-8226-BFC2EA9D2CFE}"
	ProjectSection(SolutionItems) = preProject
		README.md = README.md
	EndProjectSection
EndProject
Project("{9A19103F-16F7-4668-BE54-9A1E7A4F7556}") = "Identity.Admin", "src\Identity\Identity.Admin\Identity.Admin.csproj", "{9DEE2CCD-E85A-47CF-88C0-DC784A389024}"
EndProject
Global
	GlobalSection(SolutionConfigurationPlatforms) = preSolution
		Debug|Any CPU = Debug|Any CPU
		Debug|x64 = Debug|x64
		Debug|x86 = Debug|x86
		Release|Any CPU = Release|Any CPU
		Release|x64 = Release|x64
		Release|x86 = Release|x86
	EndGlobalSection
	GlobalSection(ProjectConfigurationPlatforms) = postSolution
		{55117740-2922-4B5C-901A-BC73FA6EF759}.Debug|Any CPU.ActiveCfg = Debug|Any CPU
		{55117740-2922-4B5C-901A-BC73FA6EF759}.Debug|Any CPU.Build.0 = Debug|Any CPU
		{55117740-2922-4B5C-901A-BC73FA6EF759}.Debug|x64.ActiveCfg = Debug|Any CPU
		{55117740-2922-4B5C-901A-BC73FA6EF759}.Debug|x64.Build.0 = Debug|Any CPU
		{55117740-2922-4B5C-901A-BC73FA6EF759}.Debug|x86.ActiveCfg = Debug|Any CPU
		{55117740-2922-4B5C-901A-BC73FA6EF759}.Debug|x86.Build.0 = Debug|Any CPU
		{55117740-2922-4B5C-901A-BC73FA6EF759}.Release|Any CPU.ActiveCfg = Release|Any CPU
		{55117740-2922-4B5C-901A-BC73FA6EF759}.Release|Any CPU.Build.0 = Release|Any CPU
		{55117740-2922-4B5C-901A-BC73FA6EF759}.Release|x64.ActiveCfg = Release|Any CPU
		{55117740-2922-4B5C-901A-BC73FA6EF759}.Release|x64.Build.0 = Release|Any CPU
		{55117740-2922-4B5C-901A-BC73FA6EF759}.Release|x86.ActiveCfg = Release|Any CPU
		{55117740-2922-4B5C-901A-BC73FA6EF759}.Release|x86.Build.0 = Release|Any CPU
		{287F66D3-BE20-44DE-B081-213ADB477951}.Debug|Any CPU.ActiveCfg = Debug|Any CPU
		{287F66D3-BE20-44DE-B081-213ADB477951}.Debug|Any CPU.Build.0 = Debug|Any CPU
		{287F66D3-BE20-44DE-B081-213ADB477951}.Debug|x64.ActiveCfg = Debug|Any CPU
		{287F66D3-BE20-44DE-B081-213ADB477951}.Debug|x64.Build.0 = Debug|Any CPU
		{287F66D3-BE20-44DE-B081-213ADB477951}.Debug|x86.ActiveCfg = Debug|Any CPU
		{287F66D3-BE20-44DE-B081-213ADB477951}.Debug|x86.Build.0 = Debug|Any CPU
		{287F66D3-BE20-44DE-B081-213ADB477951}.Release|Any CPU.ActiveCfg = Release|Any CPU
		{287F66D3-BE20-44DE-B081-213ADB477951}.Release|Any CPU.Build.0 = Release|Any CPU
		{287F66D3-BE20-44DE-B081-213ADB477951}.Release|x64.ActiveCfg = Release|Any CPU
		{287F66D3-BE20-44DE-B081-213ADB477951}.Release|x64.Build.0 = Release|Any CPU
		{287F66D3-BE20-44DE-B081-213ADB477951}.Release|x86.ActiveCfg = Release|Any CPU
		{287F66D3-BE20-44DE-B081-213ADB477951}.Release|x86.Build.0 = Release|Any CPU
		{93DF96DB-20FC-4733-AB8C-932EA03CC3E8}.Debug|Any CPU.ActiveCfg = Debug|Any CPU
		{93DF96DB-20FC-4733-AB8C-932EA03CC3E8}.Debug|Any CPU.Build.0 = Debug|Any CPU
		{93DF96DB-20FC-4733-AB8C-932EA03CC3E8}.Debug|x64.ActiveCfg = Debug|Any CPU
		{93DF96DB-20FC-4733-AB8C-932EA03CC3E8}.Debug|x64.Build.0 = Debug|Any CPU
		{93DF96DB-20FC-4733-AB8C-932EA03CC3E8}.Debug|x86.ActiveCfg = Debug|Any CPU
		{93DF96DB-20FC-4733-AB8C-932EA03CC3E8}.Debug|x86.Build.0 = Debug|Any CPU
		{93DF96DB-20FC-4733-AB8C-932EA03CC3E8}.Release|Any CPU.ActiveCfg = Release|Any CPU
		{93DF96DB-20FC-4733-AB8C-932EA03CC3E8}.Release|Any CPU.Build.0 = Release|Any CPU
		{93DF96DB-20FC-4733-AB8C-932EA03CC3E8}.Release|x64.ActiveCfg = Release|Any CPU
		{93DF96DB-20FC-4733-AB8C-932EA03CC3E8}.Release|x64.Build.0 = Release|Any CPU
		{93DF96DB-20FC-4733-AB8C-932EA03CC3E8}.Release|x86.ActiveCfg = Release|Any CPU
		{93DF96DB-20FC-4733-AB8C-932EA03CC3E8}.Release|x86.Build.0 = Release|Any CPU
		{586BDDC5-F669-467B-B908-91D3DEAC74F1}.Debug|Any CPU.ActiveCfg = Debug|Any CPU
		{586BDDC5-F669-467B-B908-91D3DEAC74F1}.Debug|Any CPU.Build.0 = Debug|Any CPU
		{586BDDC5-F669-467B-B908-91D3DEAC74F1}.Debug|x64.ActiveCfg = Debug|Any CPU
		{586BDDC5-F669-467B-B908-91D3DEAC74F1}.Debug|x64.Build.0 = Debug|Any CPU
		{586BDDC5-F669-467B-B908-91D3DEAC74F1}.Debug|x86.ActiveCfg = Debug|Any CPU
		{586BDDC5-F669-467B-B908-91D3DEAC74F1}.Debug|x86.Build.0 = Debug|Any CPU
		{586BDDC5-F669-467B-B908-91D3DEAC74F1}.Release|Any CPU.ActiveCfg = Release|Any CPU
		{586BDDC5-F669-467B-B908-91D3DEAC74F1}.Release|Any CPU.Build.0 = Release|Any CPU
		{586BDDC5-F669-467B-B908-91D3DEAC74F1}.Release|x64.ActiveCfg = Release|Any CPU
		{586BDDC5-F669-467B-B908-91D3DEAC74F1}.Release|x64.Build.0 = Release|Any CPU
		{586BDDC5-F669-467B-B908-91D3DEAC74F1}.Release|x86.ActiveCfg = Release|Any CPU
		{586BDDC5-F669-467B-B908-91D3DEAC74F1}.Release|x86.Build.0 = Release|Any CPU
		{43024DAF-4AD5-4666-8D5E-CDA75BD0FC9D}.Debug|Any CPU.ActiveCfg = Debug|Any CPU
		{43024DAF-4AD5-4666-8D5E-CDA75BD0FC9D}.Debug|Any CPU.Build.0 = Debug|Any CPU
		{43024DAF-4AD5-4666-8D5E-CDA75BD0FC9D}.Debug|x64.ActiveCfg = Debug|Any CPU
		{43024DAF-4AD5-4666-8D5E-CDA75BD0FC9D}.Debug|x64.Build.0 = Debug|Any CPU
		{43024DAF-4AD5-4666-8D5E-CDA75BD0FC9D}.Debug|x86.ActiveCfg = Debug|Any CPU
		{43024DAF-4AD5-4666-8D5E-CDA75BD0FC9D}.Debug|x86.Build.0 = Debug|Any CPU
		{43024DAF-4AD5-4666-8D5E-CDA75BD0FC9D}.Release|Any CPU.ActiveCfg = Release|Any CPU
		{43024DAF-4AD5-4666-8D5E-CDA75BD0FC9D}.Release|Any CPU.Build.0 = Release|Any CPU
		{43024DAF-4AD5-4666-8D5E-CDA75BD0FC9D}.Release|x64.ActiveCfg = Release|Any CPU
		{43024DAF-4AD5-4666-8D5E-CDA75BD0FC9D}.Release|x64.Build.0 = Release|Any CPU
		{43024DAF-4AD5-4666-8D5E-CDA75BD0FC9D}.Release|x86.ActiveCfg = Release|Any CPU
		{43024DAF-4AD5-4666-8D5E-CDA75BD0FC9D}.Release|x86.Build.0 = Release|Any CPU
		{7F864D47-3BF7-4747-9BD2-EBADE25439B8}.Debug|Any CPU.ActiveCfg = Debug|Any CPU
		{7F864D47-3BF7-4747-9BD2-EBADE25439B8}.Debug|Any CPU.Build.0 = Debug|Any CPU
		{7F864D47-3BF7-4747-9BD2-EBADE25439B8}.Debug|x64.ActiveCfg = Debug|Any CPU
		{7F864D47-3BF7-4747-9BD2-EBADE25439B8}.Debug|x64.Build.0 = Debug|Any CPU
		{7F864D47-3BF7-4747-9BD2-EBADE25439B8}.Debug|x86.ActiveCfg = Debug|Any CPU
		{7F864D47-3BF7-4747-9BD2-EBADE25439B8}.Debug|x86.Build.0 = Debug|Any CPU
		{7F864D47-3BF7-4747-9BD2-EBADE25439B8}.Release|Any CPU.ActiveCfg = Release|Any CPU
		{7F864D47-3BF7-4747-9BD2-EBADE25439B8}.Release|Any CPU.Build.0 = Release|Any CPU
		{7F864D47-3BF7-4747-9BD2-EBADE25439B8}.Release|x64.ActiveCfg = Release|Any CPU
		{7F864D47-3BF7-4747-9BD2-EBADE25439B8}.Release|x64.Build.0 = Release|Any CPU
		{7F864D47-3BF7-4747-9BD2-EBADE25439B8}.Release|x86.ActiveCfg = Release|Any CPU
		{7F864D47-3BF7-4747-9BD2-EBADE25439B8}.Release|x86.Build.0 = Release|Any CPU
		{2DEE8BCB-690E-4A9E-8C38-F34DD51520D7}.Debug|Any CPU.ActiveCfg = Debug|Any CPU
		{2DEE8BCB-690E-4A9E-8C38-F34DD51520D7}.Debug|Any CPU.Build.0 = Debug|Any CPU
		{2DEE8BCB-690E-4A9E-8C38-F34DD51520D7}.Debug|x64.ActiveCfg = Debug|Any CPU
		{2DEE8BCB-690E-4A9E-8C38-F34DD51520D7}.Debug|x64.Build.0 = Debug|Any CPU
		{2DEE8BCB-690E-4A9E-8C38-F34DD51520D7}.Debug|x86.ActiveCfg = Debug|Any CPU
		{2DEE8BCB-690E-4A9E-8C38-F34DD51520D7}.Debug|x86.Build.0 = Debug|Any CPU
		{2DEE8BCB-690E-4A9E-8C38-F34DD51520D7}.Release|Any CPU.ActiveCfg = Release|Any CPU
		{2DEE8BCB-690E-4A9E-8C38-F34DD51520D7}.Release|Any CPU.Build.0 = Release|Any CPU
		{2DEE8BCB-690E-4A9E-8C38-F34DD51520D7}.Release|x64.ActiveCfg = Release|Any CPU
		{2DEE8BCB-690E-4A9E-8C38-F34DD51520D7}.Release|x64.Build.0 = Release|Any CPU
		{2DEE8BCB-690E-4A9E-8C38-F34DD51520D7}.Release|x86.ActiveCfg = Release|Any CPU
		{2DEE8BCB-690E-4A9E-8C38-F34DD51520D7}.Release|x86.Build.0 = Release|Any CPU
		{DBB654EC-8B11-454E-AEEF-EEDC200D9CC9}.Debug|Any CPU.ActiveCfg = Debug|Any CPU
		{DBB654EC-8B11-454E-AEEF-EEDC200D9CC9}.Debug|Any CPU.Build.0 = Debug|Any CPU
		{DBB654EC-8B11-454E-AEEF-EEDC200D9CC9}.Debug|x64.ActiveCfg = Debug|Any CPU
		{DBB654EC-8B11-454E-AEEF-EEDC200D9CC9}.Debug|x64.Build.0 = Debug|Any CPU
		{DBB654EC-8B11-454E-AEEF-EEDC200D9CC9}.Debug|x86.ActiveCfg = Debug|Any CPU
		{DBB654EC-8B11-454E-AEEF-EEDC200D9CC9}.Debug|x86.Build.0 = Debug|Any CPU
		{DBB654EC-8B11-454E-AEEF-EEDC200D9CC9}.Release|Any CPU.ActiveCfg = Release|Any CPU
		{DBB654EC-8B11-454E-AEEF-EEDC200D9CC9}.Release|Any CPU.Build.0 = Release|Any CPU
		{DBB654EC-8B11-454E-AEEF-EEDC200D9CC9}.Release|x64.ActiveCfg = Release|Any CPU
		{DBB654EC-8B11-454E-AEEF-EEDC200D9CC9}.Release|x64.Build.0 = Release|Any CPU
		{DBB654EC-8B11-454E-AEEF-EEDC200D9CC9}.Release|x86.ActiveCfg = Release|Any CPU
		{DBB654EC-8B11-454E-AEEF-EEDC200D9CC9}.Release|x86.Build.0 = Release|Any CPU
		{15C246CA-F8F4-4BA7-A708-7EE5F71C7A4A}.Debug|Any CPU.ActiveCfg = Debug|Any CPU
		{15C246CA-F8F4-4BA7-A708-7EE5F71C7A4A}.Debug|Any CPU.Build.0 = Debug|Any CPU
		{15C246CA-F8F4-4BA7-A708-7EE5F71C7A4A}.Debug|x64.ActiveCfg = Debug|Any CPU
		{15C246CA-F8F4-4BA7-A708-7EE5F71C7A4A}.Debug|x64.Build.0 = Debug|Any CPU
		{15C246CA-F8F4-4BA7-A708-7EE5F71C7A4A}.Debug|x86.ActiveCfg = Debug|Any CPU
		{15C246CA-F8F4-4BA7-A708-7EE5F71C7A4A}.Debug|x86.Build.0 = Debug|Any CPU
		{15C246CA-F8F4-4BA7-A708-7EE5F71C7A4A}.Release|Any CPU.ActiveCfg = Release|Any CPU
		{15C246CA-F8F4-4BA7-A708-7EE5F71C7A4A}.Release|Any CPU.Build.0 = Release|Any CPU
		{15C246CA-F8F4-4BA7-A708-7EE5F71C7A4A}.Release|x64.ActiveCfg = Release|Any CPU
		{15C246CA-F8F4-4BA7-A708-7EE5F71C7A4A}.Release|x64.Build.0 = Release|Any CPU
		{15C246CA-F8F4-4BA7-A708-7EE5F71C7A4A}.Release|x86.ActiveCfg = Release|Any CPU
		{15C246CA-F8F4-4BA7-A708-7EE5F71C7A4A}.Release|x86.Build.0 = Release|Any CPU
		{A618E8DF-AE60-4CFD-8BD1-741891725F35}.Debug|Any CPU.ActiveCfg = Debug|Any CPU
		{A618E8DF-AE60-4CFD-8BD1-741891725F35}.Debug|Any CPU.Build.0 = Debug|Any CPU
		{A618E8DF-AE60-4CFD-8BD1-741891725F35}.Debug|x64.ActiveCfg = Debug|Any CPU
		{A618E8DF-AE60-4CFD-8BD1-741891725F35}.Debug|x64.Build.0 = Debug|Any CPU
		{A618E8DF-AE60-4CFD-8BD1-741891725F35}.Debug|x86.ActiveCfg = Debug|Any CPU
		{A618E8DF-AE60-4CFD-8BD1-741891725F35}.Debug|x86.Build.0 = Debug|Any CPU
		{A618E8DF-AE60-4CFD-8BD1-741891725F35}.Release|Any CPU.ActiveCfg = Release|Any CPU
		{A618E8DF-AE60-4CFD-8BD1-741891725F35}.Release|Any CPU.Build.0 = Release|Any CPU
		{A618E8DF-AE60-4CFD-8BD1-741891725F35}.Release|x64.ActiveCfg = Release|Any CPU
		{A618E8DF-AE60-4CFD-8BD1-741891725F35}.Release|x64.Build.0 = Release|Any CPU
		{A618E8DF-AE60-4CFD-8BD1-741891725F35}.Release|x86.ActiveCfg = Release|Any CPU
		{A618E8DF-AE60-4CFD-8BD1-741891725F35}.Release|x86.Build.0 = Release|Any CPU
		{B344C3EC-01BA-415F-ADB3-8B0275EE8467}.Debug|Any CPU.ActiveCfg = Debug|Any CPU
		{B344C3EC-01BA-415F-ADB3-8B0275EE8467}.Debug|Any CPU.Build.0 = Debug|Any CPU
		{B344C3EC-01BA-415F-ADB3-8B0275EE8467}.Debug|x64.ActiveCfg = Debug|Any CPU
		{B344C3EC-01BA-415F-ADB3-8B0275EE8467}.Debug|x64.Build.0 = Debug|Any CPU
		{B344C3EC-01BA-415F-ADB3-8B0275EE8467}.Debug|x86.ActiveCfg = Debug|Any CPU
		{B344C3EC-01BA-415F-ADB3-8B0275EE8467}.Debug|x86.Build.0 = Debug|Any CPU
		{B344C3EC-01BA-415F-ADB3-8B0275EE8467}.Release|Any CPU.ActiveCfg = Release|Any CPU
		{B344C3EC-01BA-415F-ADB3-8B0275EE8467}.Release|Any CPU.Build.0 = Release|Any CPU
		{B344C3EC-01BA-415F-ADB3-8B0275EE8467}.Release|x64.ActiveCfg = Release|Any CPU
		{B344C3EC-01BA-415F-ADB3-8B0275EE8467}.Release|x64.Build.0 = Release|Any CPU
		{B344C3EC-01BA-415F-ADB3-8B0275EE8467}.Release|x86.ActiveCfg = Release|Any CPU
		{B344C3EC-01BA-415F-ADB3-8B0275EE8467}.Release|x86.Build.0 = Release|Any CPU
		{C74BCDD2-725D-43F2-8928-469773D52F22}.Debug|Any CPU.ActiveCfg = Debug|Any CPU
		{C74BCDD2-725D-43F2-8928-469773D52F22}.Debug|Any CPU.Build.0 = Debug|Any CPU
		{C74BCDD2-725D-43F2-8928-469773D52F22}.Debug|x64.ActiveCfg = Debug|Any CPU
		{C74BCDD2-725D-43F2-8928-469773D52F22}.Debug|x64.Build.0 = Debug|Any CPU
		{C74BCDD2-725D-43F2-8928-469773D52F22}.Debug|x86.ActiveCfg = Debug|Any CPU
		{C74BCDD2-725D-43F2-8928-469773D52F22}.Debug|x86.Build.0 = Debug|Any CPU
		{C74BCDD2-725D-43F2-8928-469773D52F22}.Release|Any CPU.ActiveCfg = Release|Any CPU
		{C74BCDD2-725D-43F2-8928-469773D52F22}.Release|Any CPU.Build.0 = Release|Any CPU
		{C74BCDD2-725D-43F2-8928-469773D52F22}.Release|x64.ActiveCfg = Release|Any CPU
		{C74BCDD2-725D-43F2-8928-469773D52F22}.Release|x64.Build.0 = Release|Any CPU
		{C74BCDD2-725D-43F2-8928-469773D52F22}.Release|x86.ActiveCfg = Release|Any CPU
		{C74BCDD2-725D-43F2-8928-469773D52F22}.Release|x86.Build.0 = Release|Any CPU
		{46EB63CB-EC5A-4D9A-B400-A4A80775F236}.Debug|Any CPU.ActiveCfg = Debug|Any CPU
		{46EB63CB-EC5A-4D9A-B400-A4A80775F236}.Debug|Any CPU.Build.0 = Debug|Any CPU
		{46EB63CB-EC5A-4D9A-B400-A4A80775F236}.Debug|x64.ActiveCfg = Debug|Any CPU
		{46EB63CB-EC5A-4D9A-B400-A4A80775F236}.Debug|x64.Build.0 = Debug|Any CPU
		{46EB63CB-EC5A-4D9A-B400-A4A80775F236}.Debug|x86.ActiveCfg = Debug|Any CPU
		{46EB63CB-EC5A-4D9A-B400-A4A80775F236}.Debug|x86.Build.0 = Debug|Any CPU
		{46EB63CB-EC5A-4D9A-B400-A4A80775F236}.Release|Any CPU.ActiveCfg = Release|Any CPU
		{46EB63CB-EC5A-4D9A-B400-A4A80775F236}.Release|Any CPU.Build.0 = Release|Any CPU
		{46EB63CB-EC5A-4D9A-B400-A4A80775F236}.Release|x64.ActiveCfg = Release|Any CPU
		{46EB63CB-EC5A-4D9A-B400-A4A80775F236}.Release|x64.Build.0 = Release|Any CPU
		{46EB63CB-EC5A-4D9A-B400-A4A80775F236}.Release|x86.ActiveCfg = Release|Any CPU
		{46EB63CB-EC5A-4D9A-B400-A4A80775F236}.Release|x86.Build.0 = Release|Any CPU
		{DE93C94C-0ED3-4D89-AEF8-74274C959B10}.Debug|Any CPU.ActiveCfg = Debug|Any CPU
		{DE93C94C-0ED3-4D89-AEF8-74274C959B10}.Debug|Any CPU.Build.0 = Debug|Any CPU
		{DE93C94C-0ED3-4D89-AEF8-74274C959B10}.Debug|x64.ActiveCfg = Debug|Any CPU
		{DE93C94C-0ED3-4D89-AEF8-74274C959B10}.Debug|x64.Build.0 = Debug|Any CPU
		{DE93C94C-0ED3-4D89-AEF8-74274C959B10}.Debug|x86.ActiveCfg = Debug|Any CPU
		{DE93C94C-0ED3-4D89-AEF8-74274C959B10}.Debug|x86.Build.0 = Debug|Any CPU
		{DE93C94C-0ED3-4D89-AEF8-74274C959B10}.Release|Any CPU.ActiveCfg = Release|Any CPU
		{DE93C94C-0ED3-4D89-AEF8-74274C959B10}.Release|Any CPU.Build.0 = Release|Any CPU
		{DE93C94C-0ED3-4D89-AEF8-74274C959B10}.Release|x64.ActiveCfg = Release|Any CPU
		{DE93C94C-0ED3-4D89-AEF8-74274C959B10}.Release|x64.Build.0 = Release|Any CPU
		{DE93C94C-0ED3-4D89-AEF8-74274C959B10}.Release|x86.ActiveCfg = Release|Any CPU
		{DE93C94C-0ED3-4D89-AEF8-74274C959B10}.Release|x86.Build.0 = Release|Any CPU
		{F5037003-B60A-49CF-8D28-4A57D581B8F9}.Debug|Any CPU.ActiveCfg = Debug|Any CPU
		{F5037003-B60A-49CF-8D28-4A57D581B8F9}.Debug|Any CPU.Build.0 = Debug|Any CPU
		{F5037003-B60A-49CF-8D28-4A57D581B8F9}.Debug|x64.ActiveCfg = Debug|Any CPU
		{F5037003-B60A-49CF-8D28-4A57D581B8F9}.Debug|x64.Build.0 = Debug|Any CPU
		{F5037003-B60A-49CF-8D28-4A57D581B8F9}.Debug|x86.ActiveCfg = Debug|Any CPU
		{F5037003-B60A-49CF-8D28-4A57D581B8F9}.Debug|x86.Build.0 = Debug|Any CPU
		{F5037003-B60A-49CF-8D28-4A57D581B8F9}.Release|Any CPU.ActiveCfg = Release|Any CPU
		{F5037003-B60A-49CF-8D28-4A57D581B8F9}.Release|Any CPU.Build.0 = Release|Any CPU
		{F5037003-B60A-49CF-8D28-4A57D581B8F9}.Release|x64.ActiveCfg = Release|Any CPU
		{F5037003-B60A-49CF-8D28-4A57D581B8F9}.Release|x64.Build.0 = Release|Any CPU
		{F5037003-B60A-49CF-8D28-4A57D581B8F9}.Release|x86.ActiveCfg = Release|Any CPU
		{F5037003-B60A-49CF-8D28-4A57D581B8F9}.Release|x86.Build.0 = Release|Any CPU
		{1B6403F4-6F48-4A0D-9BB8-B1B70C644279}.Debug|Any CPU.ActiveCfg = Debug|Any CPU
		{1B6403F4-6F48-4A0D-9BB8-B1B70C644279}.Debug|Any CPU.Build.0 = Debug|Any CPU
		{1B6403F4-6F48-4A0D-9BB8-B1B70C644279}.Debug|x64.ActiveCfg = Debug|Any CPU
		{1B6403F4-6F48-4A0D-9BB8-B1B70C644279}.Debug|x64.Build.0 = Debug|Any CPU
		{1B6403F4-6F48-4A0D-9BB8-B1B70C644279}.Debug|x86.ActiveCfg = Debug|Any CPU
		{1B6403F4-6F48-4A0D-9BB8-B1B70C644279}.Debug|x86.Build.0 = Debug|Any CPU
		{1B6403F4-6F48-4A0D-9BB8-B1B70C644279}.Release|Any CPU.ActiveCfg = Release|Any CPU
		{1B6403F4-6F48-4A0D-9BB8-B1B70C644279}.Release|Any CPU.Build.0 = Release|Any CPU
		{1B6403F4-6F48-4A0D-9BB8-B1B70C644279}.Release|x64.ActiveCfg = Release|Any CPU
		{1B6403F4-6F48-4A0D-9BB8-B1B70C644279}.Release|x64.Build.0 = Release|Any CPU
		{1B6403F4-6F48-4A0D-9BB8-B1B70C644279}.Release|x86.ActiveCfg = Release|Any CPU
		{1B6403F4-6F48-4A0D-9BB8-B1B70C644279}.Release|x86.Build.0 = Release|Any CPU
		{5D8AA6F8-BEE6-4079-89CA-B02AB361C489}.Debug|Any CPU.ActiveCfg = Debug|Any CPU
		{5D8AA6F8-BEE6-4079-89CA-B02AB361C489}.Debug|Any CPU.Build.0 = Debug|Any CPU
		{5D8AA6F8-BEE6-4079-89CA-B02AB361C489}.Debug|x64.ActiveCfg = Debug|Any CPU
		{5D8AA6F8-BEE6-4079-89CA-B02AB361C489}.Debug|x64.Build.0 = Debug|Any CPU
		{5D8AA6F8-BEE6-4079-89CA-B02AB361C489}.Debug|x86.ActiveCfg = Debug|Any CPU
		{5D8AA6F8-BEE6-4079-89CA-B02AB361C489}.Debug|x86.Build.0 = Debug|Any CPU
		{5D8AA6F8-BEE6-4079-89CA-B02AB361C489}.Release|Any CPU.ActiveCfg = Release|Any CPU
		{5D8AA6F8-BEE6-4079-89CA-B02AB361C489}.Release|Any CPU.Build.0 = Release|Any CPU
		{5D8AA6F8-BEE6-4079-89CA-B02AB361C489}.Release|x64.ActiveCfg = Release|Any CPU
		{5D8AA6F8-BEE6-4079-89CA-B02AB361C489}.Release|x64.Build.0 = Release|Any CPU
		{5D8AA6F8-BEE6-4079-89CA-B02AB361C489}.Release|x86.ActiveCfg = Release|Any CPU
		{5D8AA6F8-BEE6-4079-89CA-B02AB361C489}.Release|x86.Build.0 = Release|Any CPU
		{2CAD0FD8-4FFF-4D19-A701-60FB103BC3F6}.Debug|Any CPU.ActiveCfg = Debug|Any CPU
		{2CAD0FD8-4FFF-4D19-A701-60FB103BC3F6}.Debug|Any CPU.Build.0 = Debug|Any CPU
		{2CAD0FD8-4FFF-4D19-A701-60FB103BC3F6}.Debug|x64.ActiveCfg = Debug|Any CPU
		{2CAD0FD8-4FFF-4D19-A701-60FB103BC3F6}.Debug|x64.Build.0 = Debug|Any CPU
		{2CAD0FD8-4FFF-4D19-A701-60FB103BC3F6}.Debug|x86.ActiveCfg = Debug|Any CPU
		{2CAD0FD8-4FFF-4D19-A701-60FB103BC3F6}.Debug|x86.Build.0 = Debug|Any CPU
		{2CAD0FD8-4FFF-4D19-A701-60FB103BC3F6}.Release|Any CPU.ActiveCfg = Release|Any CPU
		{2CAD0FD8-4FFF-4D19-A701-60FB103BC3F6}.Release|Any CPU.Build.0 = Release|Any CPU
		{2CAD0FD8-4FFF-4D19-A701-60FB103BC3F6}.Release|x64.ActiveCfg = Release|Any CPU
		{2CAD0FD8-4FFF-4D19-A701-60FB103BC3F6}.Release|x64.Build.0 = Release|Any CPU
		{2CAD0FD8-4FFF-4D19-A701-60FB103BC3F6}.Release|x86.ActiveCfg = Release|Any CPU
		{2CAD0FD8-4FFF-4D19-A701-60FB103BC3F6}.Release|x86.Build.0 = Release|Any CPU
		{2A5D469E-8FDD-4A2D-87E3-94CD71862312}.Debug|Any CPU.ActiveCfg = Debug|Any CPU
		{2A5D469E-8FDD-4A2D-87E3-94CD71862312}.Debug|Any CPU.Build.0 = Debug|Any CPU
		{2A5D469E-8FDD-4A2D-87E3-94CD71862312}.Debug|x64.ActiveCfg = Debug|Any CPU
		{2A5D469E-8FDD-4A2D-87E3-94CD71862312}.Debug|x64.Build.0 = Debug|Any CPU
		{2A5D469E-8FDD-4A2D-87E3-94CD71862312}.Debug|x86.ActiveCfg = Debug|Any CPU
		{2A5D469E-8FDD-4A2D-87E3-94CD71862312}.Debug|x86.Build.0 = Debug|Any CPU
		{2A5D469E-8FDD-4A2D-87E3-94CD71862312}.Release|Any CPU.ActiveCfg = Release|Any CPU
		{2A5D469E-8FDD-4A2D-87E3-94CD71862312}.Release|Any CPU.Build.0 = Release|Any CPU
		{2A5D469E-8FDD-4A2D-87E3-94CD71862312}.Release|x64.ActiveCfg = Release|Any CPU
		{2A5D469E-8FDD-4A2D-87E3-94CD71862312}.Release|x64.Build.0 = Release|Any CPU
		{2A5D469E-8FDD-4A2D-87E3-94CD71862312}.Release|x86.ActiveCfg = Release|Any CPU
		{2A5D469E-8FDD-4A2D-87E3-94CD71862312}.Release|x86.Build.0 = Release|Any CPU
		{D316ACD1-E91C-4991-A3C4-590B5A7AE15F}.Debug|Any CPU.ActiveCfg = Debug|Any CPU
		{D316ACD1-E91C-4991-A3C4-590B5A7AE15F}.Debug|Any CPU.Build.0 = Debug|Any CPU
		{D316ACD1-E91C-4991-A3C4-590B5A7AE15F}.Debug|x64.ActiveCfg = Debug|Any CPU
		{D316ACD1-E91C-4991-A3C4-590B5A7AE15F}.Debug|x64.Build.0 = Debug|Any CPU
		{D316ACD1-E91C-4991-A3C4-590B5A7AE15F}.Debug|x86.ActiveCfg = Debug|Any CPU
		{D316ACD1-E91C-4991-A3C4-590B5A7AE15F}.Debug|x86.Build.0 = Debug|Any CPU
		{D316ACD1-E91C-4991-A3C4-590B5A7AE15F}.Release|Any CPU.ActiveCfg = Release|Any CPU
		{D316ACD1-E91C-4991-A3C4-590B5A7AE15F}.Release|Any CPU.Build.0 = Release|Any CPU
		{D316ACD1-E91C-4991-A3C4-590B5A7AE15F}.Release|x64.ActiveCfg = Release|Any CPU
		{D316ACD1-E91C-4991-A3C4-590B5A7AE15F}.Release|x64.Build.0 = Release|Any CPU
		{D316ACD1-E91C-4991-A3C4-590B5A7AE15F}.Release|x86.ActiveCfg = Release|Any CPU
		{D316ACD1-E91C-4991-A3C4-590B5A7AE15F}.Release|x86.Build.0 = Release|Any CPU
		{C8EFA781-A8DA-4D6F-95CF-8D5931656108}.Debug|Any CPU.ActiveCfg = Debug|Any CPU
		{C8EFA781-A8DA-4D6F-95CF-8D5931656108}.Debug|Any CPU.Build.0 = Debug|Any CPU
		{C8EFA781-A8DA-4D6F-95CF-8D5931656108}.Debug|x64.ActiveCfg = Debug|Any CPU
		{C8EFA781-A8DA-4D6F-95CF-8D5931656108}.Debug|x64.Build.0 = Debug|Any CPU
		{C8EFA781-A8DA-4D6F-95CF-8D5931656108}.Debug|x86.ActiveCfg = Debug|Any CPU
		{C8EFA781-A8DA-4D6F-95CF-8D5931656108}.Debug|x86.Build.0 = Debug|Any CPU
		{C8EFA781-A8DA-4D6F-95CF-8D5931656108}.Release|Any CPU.ActiveCfg = Release|Any CPU
		{C8EFA781-A8DA-4D6F-95CF-8D5931656108}.Release|Any CPU.Build.0 = Release|Any CPU
		{C8EFA781-A8DA-4D6F-95CF-8D5931656108}.Release|x64.ActiveCfg = Release|Any CPU
		{C8EFA781-A8DA-4D6F-95CF-8D5931656108}.Release|x64.Build.0 = Release|Any CPU
		{C8EFA781-A8DA-4D6F-95CF-8D5931656108}.Release|x86.ActiveCfg = Release|Any CPU
		{C8EFA781-A8DA-4D6F-95CF-8D5931656108}.Release|x86.Build.0 = Release|Any CPU
		{9DEE2CCD-E85A-47CF-88C0-DC784A389024}.Debug|Any CPU.ActiveCfg = Debug|Any CPU
		{9DEE2CCD-E85A-47CF-88C0-DC784A389024}.Debug|Any CPU.Build.0 = Debug|Any CPU
		{9DEE2CCD-E85A-47CF-88C0-DC784A389024}.Debug|x64.ActiveCfg = Debug|Any CPU
		{9DEE2CCD-E85A-47CF-88C0-DC784A389024}.Debug|x64.Build.0 = Debug|Any CPU
		{9DEE2CCD-E85A-47CF-88C0-DC784A389024}.Debug|x86.ActiveCfg = Debug|Any CPU
		{9DEE2CCD-E85A-47CF-88C0-DC784A389024}.Debug|x86.Build.0 = Debug|Any CPU
		{9DEE2CCD-E85A-47CF-88C0-DC784A389024}.Release|Any CPU.ActiveCfg = Release|Any CPU
		{9DEE2CCD-E85A-47CF-88C0-DC784A389024}.Release|Any CPU.Build.0 = Release|Any CPU
		{9DEE2CCD-E85A-47CF-88C0-DC784A389024}.Release|x64.ActiveCfg = Release|Any CPU
		{9DEE2CCD-E85A-47CF-88C0-DC784A389024}.Release|x64.Build.0 = Release|Any CPU
		{9DEE2CCD-E85A-47CF-88C0-DC784A389024}.Release|x86.ActiveCfg = Release|Any CPU
		{9DEE2CCD-E85A-47CF-88C0-DC784A389024}.Release|x86.Build.0 = Release|Any CPU
	EndGlobalSection
	GlobalSection(SolutionProperties) = preSolution
		HideSolutionNode = FALSE
	EndGlobalSection
	GlobalSection(NestedProjects) = preSolution
		{5A939915-9437-4E19-AB69-C69C846D661E} = {39965430-F190-11EB-9659-AF5563079022}
		{55117740-2922-4B5C-901A-BC73FA6EF759} = {5A939915-9437-4E19-AB69-C69C846D661E}
		{287F66D3-BE20-44DE-B081-213ADB477951} = {5A939915-9437-4E19-AB69-C69C846D661E}
		{93DF96DB-20FC-4733-AB8C-932EA03CC3E8} = {5A939915-9437-4E19-AB69-C69C846D661E}
		{586BDDC5-F669-467B-B908-91D3DEAC74F1} = {5A939915-9437-4E19-AB69-C69C846D661E}
		{1750E176-8084-4E1A-9425-AC9DF5ACEAC0} = {1C551DD6-46A1-4640-9A26-F26B019399CD}
		{43024DAF-4AD5-4666-8D5E-CDA75BD0FC9D} = {1750E176-8084-4E1A-9425-AC9DF5ACEAC0}
		{A687E90A-DC27-4EC3-A9A9-FB864E2DE4B2} = {1C551DD6-46A1-4640-9A26-F26B019399CD}
		{7F864D47-3BF7-4747-9BD2-EBADE25439B8} = {A687E90A-DC27-4EC3-A9A9-FB864E2DE4B2}
		{2DEE8BCB-690E-4A9E-8C38-F34DD51520D7} = {A687E90A-DC27-4EC3-A9A9-FB864E2DE4B2}
		{DBB654EC-8B11-454E-AEEF-EEDC200D9CC9} = {A687E90A-DC27-4EC3-A9A9-FB864E2DE4B2}
		{15C246CA-F8F4-4BA7-A708-7EE5F71C7A4A} = {A687E90A-DC27-4EC3-A9A9-FB864E2DE4B2}
		{C86D4D66-AAB4-4B97-89A3-0E4070FF9AF7} = {77319A98-AFD5-4881-B872-A71051F53AD0}
		{A618E8DF-AE60-4CFD-8BD1-741891725F35} = {C86D4D66-AAB4-4B97-89A3-0E4070FF9AF7}
		{C131BDC0-F029-11EB-8BE3-7B0C45061305} = {39965430-F190-11EB-9659-AF5563079022}
		{B344C3EC-01BA-415F-ADB3-8B0275EE8467} = {C131BDC0-F029-11EB-8BE3-7B0C45061305}
		{C74BCDD2-725D-43F2-8928-469773D52F22} = {C131BDC0-F029-11EB-8BE3-7B0C45061305}
		{46EB63CB-EC5A-4D9A-B400-A4A80775F236} = {C131BDC0-F029-11EB-8BE3-7B0C45061305}
		{DE93C94C-0ED3-4D89-AEF8-74274C959B10} = {C131BDC0-F029-11EB-8BE3-7B0C45061305}
		{F5037003-B60A-49CF-8D28-4A57D581B8F9} = {C131BDC0-F029-11EB-8BE3-7B0C45061305}
		{1B6403F4-6F48-4A0D-9BB8-B1B70C644279} = {C131BDC0-F029-11EB-8BE3-7B0C45061305}
		{5D8AA6F8-BEE6-4079-89CA-B02AB361C489} = {C131BDC0-F029-11EB-8BE3-7B0C45061305}
		{2CAD0FD8-4FFF-4D19-A701-60FB103BC3F6} = {C131BDC0-F029-11EB-8BE3-7B0C45061305}
		{2A5D469E-8FDD-4A2D-87E3-94CD71862312} = {C131BDC0-F029-11EB-8BE3-7B0C45061305}
		{D316ACD1-E91C-4991-A3C4-590B5A7AE15F} = {C131BDC0-F029-11EB-8BE3-7B0C45061305}
		{39965430-F190-11EB-9659-AF5563079022} = {77319A98-AFD5-4881-B872-A71051F53AD0}
		{A30042A0-F190-11EB-9659-AF5563079022} = {77319A98-AFD5-4881-B872-A71051F53AD0}
		{C8EFA781-A8DA-4D6F-95CF-8D5931656108} = {A30042A0-F190-11EB-9659-AF5563079022}
		{9DEE2CCD-E85A-47CF-88C0-DC784A389024} = {C131BDC0-F029-11EB-8BE3-7B0C45061305}
	EndGlobalSection
	GlobalSection(ExtensibilityGlobals) = postSolution
		SolutionGuid = {FDB7EB17-5546-483D-873A-C3CE84CE5629}
	EndGlobalSection
EndGlobal
